// !$*UTF8*$!
{
	archiveVersion = 1;
	classes = {
	};
	objectVersion = 56;
	objects = {

/* Begin PBXBuildFile section */
		20465B4D2BAF140500308A4E /* MainScreenView.swift in Sources */ = {isa = PBXBuildFile; fileRef = 20465B4C2BAF140500308A4E /* MainScreenView.swift */; };
		20465B4F2BAF140600308A4E /* Assets.xcassets in Resources */ = {isa = PBXBuildFile; fileRef = 20465B4E2BAF140600308A4E /* Assets.xcassets */; };
		20465B5C2BAF140700308A4E /* ScratchingCargTests.swift in Sources */ = {isa = PBXBuildFile; fileRef = 20465B5B2BAF140700308A4E /* ScratchingCargTests.swift */; };
		20465B662BAF140700308A4E /* ScratchingCardUITests.swift in Sources */ = {isa = PBXBuildFile; fileRef = 20465B652BAF140700308A4E /* ScratchingCardUITests.swift */; };
		20465B682BAF140700308A4E /* ScratchingCargUITestsLaunchTests.swift in Sources */ = {isa = PBXBuildFile; fileRef = 20465B672BAF140700308A4E /* ScratchingCargUITestsLaunchTests.swift */; };
		20465B752BAF151400308A4E /* AppDelegate.swift in Sources */ = {isa = PBXBuildFile; fileRef = 20465B742BAF151400308A4E /* AppDelegate.swift */; };
		20465B772BAF15FF00308A4E /* SceneDelegate.swift in Sources */ = {isa = PBXBuildFile; fileRef = 20465B762BAF15FF00308A4E /* SceneDelegate.swift */; };
		20465B792BAF163800308A4E /* MainScreenCoordinator.swift in Sources */ = {isa = PBXBuildFile; fileRef = 20465B782BAF163800308A4E /* MainScreenCoordinator.swift */; };
		20465B7B2BAF170900308A4E /* ViewControllerCoordinator.swift in Sources */ = {isa = PBXBuildFile; fileRef = 20465B7A2BAF170900308A4E /* ViewControllerCoordinator.swift */; };
		20465B7D2BAF173D00308A4E /* NavigationControllerCoordinating.swift in Sources */ = {isa = PBXBuildFile; fileRef = 20465B7C2BAF173D00308A4E /* NavigationControllerCoordinating.swift */; };
		20465B7F2BAF177100308A4E /* AppCoordinator.swift in Sources */ = {isa = PBXBuildFile; fileRef = 20465B7E2BAF177100308A4E /* AppCoordinator.swift */; };
		20465B872BB0925000308A4E /* CardView.swift in Sources */ = {isa = PBXBuildFile; fileRef = 20465B862BB0925000308A4E /* CardView.swift */; };
		20465B892BB098E500308A4E /* MainScreenViewModel.swift in Sources */ = {isa = PBXBuildFile; fileRef = 20465B882BB098E500308A4E /* MainScreenViewModel.swift */; };
		20465B8B2BB0991400308A4E /* Constants.swift in Sources */ = {isa = PBXBuildFile; fileRef = 20465B8A2BB0991400308A4E /* Constants.swift */; };
		20C4F7532BB0A4B10094D123 /* ChildSizeReader.swift in Sources */ = {isa = PBXBuildFile; fileRef = 20C4F7522BB0A4B10094D123 /* ChildSizeReader.swift */; };
		20C4F7562BB0B6EC0094D123 /* ScratchingView.swift in Sources */ = {isa = PBXBuildFile; fileRef = 20C4F7552BB0B6EC0094D123 /* ScratchingView.swift */; };
		20C4F7582BB15A200094D123 /* ButtonStyle.swift in Sources */ = {isa = PBXBuildFile; fileRef = 20C4F7572BB15A200094D123 /* ButtonStyle.swift */; };
		20C4F75A2BB163830094D123 /* BubblesView.swift in Sources */ = {isa = PBXBuildFile; fileRef = 20C4F7592BB163830094D123 /* BubblesView.swift */; };
		20C4F75C2BB166250094D123 /* AnimatedBackgroundModifier.swift in Sources */ = {isa = PBXBuildFile; fileRef = 20C4F75B2BB166250094D123 /* AnimatedBackgroundModifier.swift */; };
		20C4F75F2BB171330094D123 /* AppLifecycleResponding.swift in Sources */ = {isa = PBXBuildFile; fileRef = 20C4F75E2BB171330094D123 /* AppLifecycleResponding.swift */; };
		20C4F7622BB172580094D123 /* ScratchingViewModel.swift in Sources */ = {isa = PBXBuildFile; fileRef = 20C4F7612BB172580094D123 /* ScratchingViewModel.swift */; };
		20C4F7652BB1746D0094D123 /* HostingController.swift in Sources */ = {isa = PBXBuildFile; fileRef = 20C4F7642BB1746D0094D123 /* HostingController.swift */; };
/* End PBXBuildFile section */

/* Begin PBXContainerItemProxy section */
		20465B582BAF140700308A4E /* PBXContainerItemProxy */ = {
			isa = PBXContainerItemProxy;
			containerPortal = 20465B3F2BAF140400308A4E /* Project object */;
			proxyType = 1;
			remoteGlobalIDString = 20465B462BAF140500308A4E;
			remoteInfo = ScratchingCarg;
		};
		20465B622BAF140700308A4E /* PBXContainerItemProxy */ = {
			isa = PBXContainerItemProxy;
			containerPortal = 20465B3F2BAF140400308A4E /* Project object */;
			proxyType = 1;
			remoteGlobalIDString = 20465B462BAF140500308A4E;
			remoteInfo = ScratchingCarg;
		};
/* End PBXContainerItemProxy section */

/* Begin PBXFileReference section */
		20465B472BAF140500308A4E /* ScratchingCard.app */ = {isa = PBXFileReference; explicitFileType = wrapper.application; includeInIndex = 0; path = ScratchingCard.app; sourceTree = BUILT_PRODUCTS_DIR; };
		20465B4C2BAF140500308A4E /* MainScreenView.swift */ = {isa = PBXFileReference; lastKnownFileType = sourcecode.swift; path = MainScreenView.swift; sourceTree = "<group>"; };
		20465B4E2BAF140600308A4E /* Assets.xcassets */ = {isa = PBXFileReference; lastKnownFileType = folder.assetcatalog; path = Assets.xcassets; sourceTree = "<group>"; };
		20465B572BAF140700308A4E /* ScratchingCardTests.xctest */ = {isa = PBXFileReference; explicitFileType = wrapper.cfbundle; includeInIndex = 0; path = ScratchingCardTests.xctest; sourceTree = BUILT_PRODUCTS_DIR; };
		20465B5B2BAF140700308A4E /* ScratchingCargTests.swift */ = {isa = PBXFileReference; lastKnownFileType = sourcecode.swift; path = ScratchingCargTests.swift; sourceTree = "<group>"; };
		20465B612BAF140700308A4E /* ScratchingCardUITests.xctest */ = {isa = PBXFileReference; explicitFileType = wrapper.cfbundle; includeInIndex = 0; path = ScratchingCardUITests.xctest; sourceTree = BUILT_PRODUCTS_DIR; };
		20465B652BAF140700308A4E /* ScratchingCardUITests.swift */ = {isa = PBXFileReference; lastKnownFileType = sourcecode.swift; path = ScratchingCardUITests.swift; sourceTree = "<group>"; };
		20465B672BAF140700308A4E /* ScratchingCargUITestsLaunchTests.swift */ = {isa = PBXFileReference; lastKnownFileType = sourcecode.swift; path = ScratchingCargUITestsLaunchTests.swift; sourceTree = "<group>"; };
		20465B742BAF151400308A4E /* AppDelegate.swift */ = {isa = PBXFileReference; lastKnownFileType = sourcecode.swift; path = AppDelegate.swift; sourceTree = "<group>"; };
		20465B762BAF15FF00308A4E /* SceneDelegate.swift */ = {isa = PBXFileReference; lastKnownFileType = sourcecode.swift; path = SceneDelegate.swift; sourceTree = "<group>"; };
		20465B782BAF163800308A4E /* MainScreenCoordinator.swift */ = {isa = PBXFileReference; lastKnownFileType = sourcecode.swift; path = MainScreenCoordinator.swift; sourceTree = "<group>"; };
		20465B7A2BAF170900308A4E /* ViewControllerCoordinator.swift */ = {isa = PBXFileReference; lastKnownFileType = sourcecode.swift; path = ViewControllerCoordinator.swift; sourceTree = "<group>"; };
		20465B7C2BAF173D00308A4E /* NavigationControllerCoordinating.swift */ = {isa = PBXFileReference; lastKnownFileType = sourcecode.swift; path = NavigationControllerCoordinating.swift; sourceTree = "<group>"; };
		20465B7E2BAF177100308A4E /* AppCoordinator.swift */ = {isa = PBXFileReference; lastKnownFileType = sourcecode.swift; path = AppCoordinator.swift; sourceTree = "<group>"; };
		20465B812BAF1CD500308A4E /* Info.plist */ = {isa = PBXFileReference; lastKnownFileType = text.plist; path = Info.plist; sourceTree = "<group>"; };
		20465B862BB0925000308A4E /* CardView.swift */ = {isa = PBXFileReference; lastKnownFileType = sourcecode.swift; path = CardView.swift; sourceTree = "<group>"; };
		20465B882BB098E500308A4E /* MainScreenViewModel.swift */ = {isa = PBXFileReference; lastKnownFileType = sourcecode.swift; path = MainScreenViewModel.swift; sourceTree = "<group>"; };
		20465B8A2BB0991400308A4E /* Constants.swift */ = {isa = PBXFileReference; lastKnownFileType = sourcecode.swift; path = Constants.swift; sourceTree = "<group>"; };
		20C4F7522BB0A4B10094D123 /* ChildSizeReader.swift */ = {isa = PBXFileReference; lastKnownFileType = sourcecode.swift; path = ChildSizeReader.swift; sourceTree = "<group>"; };
		20C4F7552BB0B6EC0094D123 /* ScratchingView.swift */ = {isa = PBXFileReference; lastKnownFileType = sourcecode.swift; path = ScratchingView.swift; sourceTree = "<group>"; };
		20C4F7572BB15A200094D123 /* ButtonStyle.swift */ = {isa = PBXFileReference; lastKnownFileType = sourcecode.swift; path = ButtonStyle.swift; sourceTree = "<group>"; };
		20C4F7592BB163830094D123 /* BubblesView.swift */ = {isa = PBXFileReference; lastKnownFileType = sourcecode.swift; path = BubblesView.swift; sourceTree = "<group>"; };
		20C4F75B2BB166250094D123 /* AnimatedBackgroundModifier.swift */ = {isa = PBXFileReference; lastKnownFileType = sourcecode.swift; path = AnimatedBackgroundModifier.swift; sourceTree = "<group>"; };
		20C4F75E2BB171330094D123 /* AppLifecycleResponding.swift */ = {isa = PBXFileReference; lastKnownFileType = sourcecode.swift; path = AppLifecycleResponding.swift; sourceTree = "<group>"; };
		20C4F7612BB172580094D123 /* ScratchingViewModel.swift */ = {isa = PBXFileReference; lastKnownFileType = sourcecode.swift; path = ScratchingViewModel.swift; sourceTree = "<group>"; };
		20C4F7642BB1746D0094D123 /* HostingController.swift */ = {isa = PBXFileReference; lastKnownFileType = sourcecode.swift; path = HostingController.swift; sourceTree = "<group>"; };
/* End PBXFileReference section */

/* Begin PBXFrameworksBuildPhase section */
		20465B442BAF140500308A4E /* Frameworks */ = {
			isa = PBXFrameworksBuildPhase;
			buildActionMask = 2147483647;
			files = (
			);
			runOnlyForDeploymentPostprocessing = 0;
		};
		20465B542BAF140700308A4E /* Frameworks */ = {
			isa = PBXFrameworksBuildPhase;
			buildActionMask = 2147483647;
			files = (
			);
			runOnlyForDeploymentPostprocessing = 0;
		};
		20465B5E2BAF140700308A4E /* Frameworks */ = {
			isa = PBXFrameworksBuildPhase;
			buildActionMask = 2147483647;
			files = (
			);
			runOnlyForDeploymentPostprocessing = 0;
		};
/* End PBXFrameworksBuildPhase section */

/* Begin PBXGroup section */
		20465B3E2BAF140400308A4E = {
			isa = PBXGroup;
			children = (
				20465B492BAF140500308A4E /* ScratchingCard */,
				20465B5A2BAF140700308A4E /* ScratchingCardTests */,
				20465B642BAF140700308A4E /* ScratchingCardUITests */,
				20465B482BAF140500308A4E /* Products */,
			);
			sourceTree = "<group>";
		};
		20465B482BAF140500308A4E /* Products */ = {
			isa = PBXGroup;
			children = (
				20465B472BAF140500308A4E /* ScratchingCard.app */,
				20465B572BAF140700308A4E /* ScratchingCardTests.xctest */,
				20465B612BAF140700308A4E /* ScratchingCardUITests.xctest */,
			);
			name = Products;
			sourceTree = "<group>";
		};
		20465B492BAF140500308A4E /* ScratchingCard */ = {
			isa = PBXGroup;
			children = (
				20465B852BB0924000308A4E /* Common */,
				20465B842BB0915E00308A4E /* MainScren */,
				20C4F7542BB0B6D20094D123 /* ScratchingScreen */,
				20465B812BAF1CD500308A4E /* Info.plist */,
				20465B4E2BAF140600308A4E /* Assets.xcassets */,
				20465B742BAF151400308A4E /* AppDelegate.swift */,
				20465B7E2BAF177100308A4E /* AppCoordinator.swift */,
				20465B762BAF15FF00308A4E /* SceneDelegate.swift */,
			);
			path = ScratchingCard;
			sourceTree = "<group>";
		};
		20465B5A2BAF140700308A4E /* ScratchingCardTests */ = {
			isa = PBXGroup;
			children = (
				20465B5B2BAF140700308A4E /* ScratchingCargTests.swift */,
			);
			path = ScratchingCardTests;
			sourceTree = "<group>";
		};
		20465B642BAF140700308A4E /* ScratchingCardUITests */ = {
			isa = PBXGroup;
			children = (
				20465B652BAF140700308A4E /* ScratchingCardUITests.swift */,
				20465B672BAF140700308A4E /* ScratchingCargUITestsLaunchTests.swift */,
			);
			path = ScratchingCardUITests;
			sourceTree = "<group>";
		};
		20465B842BB0915E00308A4E /* MainScren */ = {
			isa = PBXGroup;
			children = (
				20465B782BAF163800308A4E /* MainScreenCoordinator.swift */,
				20465B4C2BAF140500308A4E /* MainScreenView.swift */,
				20465B882BB098E500308A4E /* MainScreenViewModel.swift */,
			);
			path = MainScren;
			sourceTree = "<group>";
		};
		20465B852BB0924000308A4E /* Common */ = {
			isa = PBXGroup;
			children = (
				20C4F7632BB173190094D123 /* Utils */,
				20C4F7602BB171E00094D123 /* Views */,
				20C4F75D2BB171230094D123 /* Protocol */,
				20465B8A2BB0991400308A4E /* Constants.swift */,
			);
			path = Common;
			sourceTree = "<group>";
		};
		20C4F7542BB0B6D20094D123 /* ScratchingScreen */ = {
			isa = PBXGroup;
			children = (
				20C4F7552BB0B6EC0094D123 /* ScratchingView.swift */,
				20C4F7612BB172580094D123 /* ScratchingViewModel.swift */,
			);
			path = ScratchingScreen;
			sourceTree = "<group>";
		};
		20C4F75D2BB171230094D123 /* Protocol */ = {
			isa = PBXGroup;
			children = (
				20C4F75E2BB171330094D123 /* AppLifecycleResponding.swift */,
				20465B7A2BAF170900308A4E /* ViewControllerCoordinator.swift */,
				20465B7C2BAF173D00308A4E /* NavigationControllerCoordinating.swift */,
			);
			path = Protocol;
			sourceTree = "<group>";
		};
		20C4F7602BB171E00094D123 /* Views */ = {
			isa = PBXGroup;
			children = (
				20C4F75B2BB166250094D123 /* AnimatedBackgroundModifier.swift */,
				20465B862BB0925000308A4E /* CardView.swift */,
				20C4F7592BB163830094D123 /* BubblesView.swift */,
			);
			path = Views;
			sourceTree = "<group>";
		};
		20C4F7632BB173190094D123 /* Utils */ = {
			isa = PBXGroup;
			children = (
				20C4F7522BB0A4B10094D123 /* ChildSizeReader.swift */,
				20C4F7572BB15A200094D123 /* ButtonStyle.swift */,
				20C4F7642BB1746D0094D123 /* HostingController.swift */,
			);
			path = Utils;
			sourceTree = "<group>";
		};
/* End PBXGroup section */

/* Begin PBXNativeTarget section */
		20465B462BAF140500308A4E /* ScratchingCard */ = {
			isa = PBXNativeTarget;
			buildConfigurationList = 20465B6B2BAF140700308A4E /* Build configuration list for PBXNativeTarget "ScratchingCard" */;
			buildPhases = (
				20465B432BAF140500308A4E /* Sources */,
				20465B442BAF140500308A4E /* Frameworks */,
				20465B452BAF140500308A4E /* Resources */,
			);
			buildRules = (
			);
			dependencies = (
			);
			name = ScratchingCard;
			productName = ScratchingCarg;
			productReference = 20465B472BAF140500308A4E /* ScratchingCard.app */;
			productType = "com.apple.product-type.application";
		};
		20465B562BAF140700308A4E /* ScratchingCardTests */ = {
			isa = PBXNativeTarget;
			buildConfigurationList = 20465B6E2BAF140700308A4E /* Build configuration list for PBXNativeTarget "ScratchingCardTests" */;
			buildPhases = (
				20465B532BAF140700308A4E /* Sources */,
				20465B542BAF140700308A4E /* Frameworks */,
				20465B552BAF140700308A4E /* Resources */,
			);
			buildRules = (
			);
			dependencies = (
				20465B592BAF140700308A4E /* PBXTargetDependency */,
			);
			name = ScratchingCardTests;
			productName = ScratchingCargTests;
			productReference = 20465B572BAF140700308A4E /* ScratchingCardTests.xctest */;
			productType = "com.apple.product-type.bundle.unit-test";
		};
		20465B602BAF140700308A4E /* ScratchingCardUITests */ = {
			isa = PBXNativeTarget;
			buildConfigurationList = 20465B712BAF140700308A4E /* Build configuration list for PBXNativeTarget "ScratchingCardUITests" */;
			buildPhases = (
				20465B5D2BAF140700308A4E /* Sources */,
				20465B5E2BAF140700308A4E /* Frameworks */,
				20465B5F2BAF140700308A4E /* Resources */,
			);
			buildRules = (
			);
			dependencies = (
				20465B632BAF140700308A4E /* PBXTargetDependency */,
			);
			name = ScratchingCardUITests;
			productName = ScratchingCargUITests;
			productReference = 20465B612BAF140700308A4E /* ScratchingCardUITests.xctest */;
			productType = "com.apple.product-type.bundle.ui-testing";
		};
/* End PBXNativeTarget section */

/* Begin PBXProject section */
		20465B3F2BAF140400308A4E /* Project object */ = {
			isa = PBXProject;
			attributes = {
				BuildIndependentTargetsInParallel = 1;
				LastSwiftUpdateCheck = 1530;
				LastUpgradeCheck = 1530;
				TargetAttributes = {
					20465B462BAF140500308A4E = {
						CreatedOnToolsVersion = 15.3;
					};
					20465B562BAF140700308A4E = {
						CreatedOnToolsVersion = 15.3;
						TestTargetID = 20465B462BAF140500308A4E;
					};
					20465B602BAF140700308A4E = {
						CreatedOnToolsVersion = 15.3;
						TestTargetID = 20465B462BAF140500308A4E;
					};
				};
			};
			buildConfigurationList = 20465B422BAF140400308A4E /* Build configuration list for PBXProject "ScratchingCard" */;
			compatibilityVersion = "Xcode 14.0";
			developmentRegion = en;
			hasScannedForEncodings = 0;
			knownRegions = (
				en,
				Base,
			);
			mainGroup = 20465B3E2BAF140400308A4E;
			productRefGroup = 20465B482BAF140500308A4E /* Products */;
			projectDirPath = "";
			projectRoot = "";
			targets = (
				20465B462BAF140500308A4E /* ScratchingCard */,
				20465B562BAF140700308A4E /* ScratchingCardTests */,
				20465B602BAF140700308A4E /* ScratchingCardUITests */,
			);
		};
/* End PBXProject section */

/* Begin PBXResourcesBuildPhase section */
		20465B452BAF140500308A4E /* Resources */ = {
			isa = PBXResourcesBuildPhase;
			buildActionMask = 2147483647;
			files = (
				20465B4F2BAF140600308A4E /* Assets.xcassets in Resources */,
			);
			runOnlyForDeploymentPostprocessing = 0;
		};
		20465B552BAF140700308A4E /* Resources */ = {
			isa = PBXResourcesBuildPhase;
			buildActionMask = 2147483647;
			files = (
			);
			runOnlyForDeploymentPostprocessing = 0;
		};
		20465B5F2BAF140700308A4E /* Resources */ = {
			isa = PBXResourcesBuildPhase;
			buildActionMask = 2147483647;
			files = (
			);
			runOnlyForDeploymentPostprocessing = 0;
		};
/* End PBXResourcesBuildPhase section */

/* Begin PBXSourcesBuildPhase section */
		20465B432BAF140500308A4E /* Sources */ = {
			isa = PBXSourcesBuildPhase;
			buildActionMask = 2147483647;
			files = (
				20C4F7582BB15A200094D123 /* ButtonStyle.swift in Sources */,
				20C4F75F2BB171330094D123 /* AppLifecycleResponding.swift in Sources */,
				20465B752BAF151400308A4E /* AppDelegate.swift in Sources */,
				20465B8B2BB0991400308A4E /* Constants.swift in Sources */,
				20C4F75C2BB166250094D123 /* AnimatedBackgroundModifier.swift in Sources */,
				20465B892BB098E500308A4E /* MainScreenViewModel.swift in Sources */,
				20C4F7652BB1746D0094D123 /* HostingController.swift in Sources */,
				20465B7B2BAF170900308A4E /* ViewControllerCoordinator.swift in Sources */,
				20465B7D2BAF173D00308A4E /* NavigationControllerCoordinating.swift in Sources */,
				20465B4D2BAF140500308A4E /* MainScreenView.swift in Sources */,
				20465B7F2BAF177100308A4E /* AppCoordinator.swift in Sources */,
				20C4F7622BB172580094D123 /* ScratchingViewModel.swift in Sources */,
				20C4F75A2BB163830094D123 /* BubblesView.swift in Sources */,
				20C4F7532BB0A4B10094D123 /* ChildSizeReader.swift in Sources */,
				20C4F7562BB0B6EC0094D123 /* ScratchingView.swift in Sources */,
				20465B872BB0925000308A4E /* CardView.swift in Sources */,
				20465B792BAF163800308A4E /* MainScreenCoordinator.swift in Sources */,
				20465B772BAF15FF00308A4E /* SceneDelegate.swift in Sources */,
			);
			runOnlyForDeploymentPostprocessing = 0;
		};
		20465B532BAF140700308A4E /* Sources */ = {
			isa = PBXSourcesBuildPhase;
			buildActionMask = 2147483647;
			files = (
				20465B5C2BAF140700308A4E /* ScratchingCargTests.swift in Sources */,
			);
			runOnlyForDeploymentPostprocessing = 0;
		};
		20465B5D2BAF140700308A4E /* Sources */ = {
			isa = PBXSourcesBuildPhase;
			buildActionMask = 2147483647;
			files = (
				20465B662BAF140700308A4E /* ScratchingCardUITests.swift in Sources */,
				20465B682BAF140700308A4E /* ScratchingCargUITestsLaunchTests.swift in Sources */,
			);
			runOnlyForDeploymentPostprocessing = 0;
		};
/* End PBXSourcesBuildPhase section */

/* Begin PBXTargetDependency section */
		20465B592BAF140700308A4E /* PBXTargetDependency */ = {
			isa = PBXTargetDependency;
			target = 20465B462BAF140500308A4E /* ScratchingCard */;
			targetProxy = 20465B582BAF140700308A4E /* PBXContainerItemProxy */;
		};
		20465B632BAF140700308A4E /* PBXTargetDependency */ = {
			isa = PBXTargetDependency;
			target = 20465B462BAF140500308A4E /* ScratchingCard */;
			targetProxy = 20465B622BAF140700308A4E /* PBXContainerItemProxy */;
		};
/* End PBXTargetDependency section */

/* Begin XCBuildConfiguration section */
		20465B692BAF140700308A4E /* Debug */ = {
			isa = XCBuildConfiguration;
			buildSettings = {
				ALWAYS_SEARCH_USER_PATHS = NO;
				ASSETCATALOG_COMPILER_GENERATE_SWIFT_ASSET_SYMBOL_EXTENSIONS = YES;
				CLANG_ANALYZER_NONNULL = YES;
				CLANG_ANALYZER_NUMBER_OBJECT_CONVERSION = YES_AGGRESSIVE;
				CLANG_CXX_LANGUAGE_STANDARD = "gnu++20";
				CLANG_ENABLE_MODULES = YES;
				CLANG_ENABLE_OBJC_ARC = YES;
				CLANG_ENABLE_OBJC_WEAK = YES;
				CLANG_WARN_BLOCK_CAPTURE_AUTORELEASING = YES;
				CLANG_WARN_BOOL_CONVERSION = YES;
				CLANG_WARN_COMMA = YES;
				CLANG_WARN_CONSTANT_CONVERSION = YES;
				CLANG_WARN_DEPRECATED_OBJC_IMPLEMENTATIONS = YES;
				CLANG_WARN_DIRECT_OBJC_ISA_USAGE = YES_ERROR;
				CLANG_WARN_DOCUMENTATION_COMMENTS = YES;
				CLANG_WARN_EMPTY_BODY = YES;
				CLANG_WARN_ENUM_CONVERSION = YES;
				CLANG_WARN_INFINITE_RECURSION = YES;
				CLANG_WARN_INT_CONVERSION = YES;
				CLANG_WARN_NON_LITERAL_NULL_CONVERSION = YES;
				CLANG_WARN_OBJC_IMPLICIT_RETAIN_SELF = YES;
				CLANG_WARN_OBJC_LITERAL_CONVERSION = YES;
				CLANG_WARN_OBJC_ROOT_CLASS = YES_ERROR;
				CLANG_WARN_QUOTED_INCLUDE_IN_FRAMEWORK_HEADER = YES;
				CLANG_WARN_RANGE_LOOP_ANALYSIS = YES;
				CLANG_WARN_STRICT_PROTOTYPES = YES;
				CLANG_WARN_SUSPICIOUS_MOVE = YES;
				CLANG_WARN_UNGUARDED_AVAILABILITY = YES_AGGRESSIVE;
				CLANG_WARN_UNREACHABLE_CODE = YES;
				CLANG_WARN__DUPLICATE_METHOD_MATCH = YES;
				COPY_PHASE_STRIP = NO;
				DEBUG_INFORMATION_FORMAT = dwarf;
				ENABLE_STRICT_OBJC_MSGSEND = YES;
				ENABLE_TESTABILITY = YES;
				ENABLE_USER_SCRIPT_SANDBOXING = YES;
				GCC_C_LANGUAGE_STANDARD = gnu17;
				GCC_DYNAMIC_NO_PIC = NO;
				GCC_NO_COMMON_BLOCKS = YES;
				GCC_OPTIMIZATION_LEVEL = 0;
				GCC_PREPROCESSOR_DEFINITIONS = (
					"DEBUG=1",
					"$(inherited)",
				);
				GCC_WARN_64_TO_32_BIT_CONVERSION = YES;
				GCC_WARN_ABOUT_RETURN_TYPE = YES_ERROR;
				GCC_WARN_UNDECLARED_SELECTOR = YES;
				GCC_WARN_UNINITIALIZED_AUTOS = YES_AGGRESSIVE;
				GCC_WARN_UNUSED_FUNCTION = YES;
				GCC_WARN_UNUSED_VARIABLE = YES;
				IPHONEOS_DEPLOYMENT_TARGET = 17.4;
				LOCALIZATION_PREFERS_STRING_CATALOGS = YES;
				MTL_ENABLE_DEBUG_INFO = INCLUDE_SOURCE;
				MTL_FAST_MATH = YES;
				ONLY_ACTIVE_ARCH = YES;
				SDKROOT = iphoneos;
				SWIFT_ACTIVE_COMPILATION_CONDITIONS = "DEBUG $(inherited)";
				SWIFT_OPTIMIZATION_LEVEL = "-Onone";
			};
			name = Debug;
		};
		20465B6A2BAF140700308A4E /* Release */ = {
			isa = XCBuildConfiguration;
			buildSettings = {
				ALWAYS_SEARCH_USER_PATHS = NO;
				ASSETCATALOG_COMPILER_GENERATE_SWIFT_ASSET_SYMBOL_EXTENSIONS = YES;
				CLANG_ANALYZER_NONNULL = YES;
				CLANG_ANALYZER_NUMBER_OBJECT_CONVERSION = YES_AGGRESSIVE;
				CLANG_CXX_LANGUAGE_STANDARD = "gnu++20";
				CLANG_ENABLE_MODULES = YES;
				CLANG_ENABLE_OBJC_ARC = YES;
				CLANG_ENABLE_OBJC_WEAK = YES;
				CLANG_WARN_BLOCK_CAPTURE_AUTORELEASING = YES;
				CLANG_WARN_BOOL_CONVERSION = YES;
				CLANG_WARN_COMMA = YES;
				CLANG_WARN_CONSTANT_CONVERSION = YES;
				CLANG_WARN_DEPRECATED_OBJC_IMPLEMENTATIONS = YES;
				CLANG_WARN_DIRECT_OBJC_ISA_USAGE = YES_ERROR;
				CLANG_WARN_DOCUMENTATION_COMMENTS = YES;
				CLANG_WARN_EMPTY_BODY = YES;
				CLANG_WARN_ENUM_CONVERSION = YES;
				CLANG_WARN_INFINITE_RECURSION = YES;
				CLANG_WARN_INT_CONVERSION = YES;
				CLANG_WARN_NON_LITERAL_NULL_CONVERSION = YES;
				CLANG_WARN_OBJC_IMPLICIT_RETAIN_SELF = YES;
				CLANG_WARN_OBJC_LITERAL_CONVERSION = YES;
				CLANG_WARN_OBJC_ROOT_CLASS = YES_ERROR;
				CLANG_WARN_QUOTED_INCLUDE_IN_FRAMEWORK_HEADER = YES;
				CLANG_WARN_RANGE_LOOP_ANALYSIS = YES;
				CLANG_WARN_STRICT_PROTOTYPES = YES;
				CLANG_WARN_SUSPICIOUS_MOVE = YES;
				CLANG_WARN_UNGUARDED_AVAILABILITY = YES_AGGRESSIVE;
				CLANG_WARN_UNREACHABLE_CODE = YES;
				CLANG_WARN__DUPLICATE_METHOD_MATCH = YES;
				COPY_PHASE_STRIP = NO;
				DEBUG_INFORMATION_FORMAT = "dwarf-with-dsym";
				ENABLE_NS_ASSERTIONS = NO;
				ENABLE_STRICT_OBJC_MSGSEND = YES;
				ENABLE_USER_SCRIPT_SANDBOXING = YES;
				GCC_C_LANGUAGE_STANDARD = gnu17;
				GCC_NO_COMMON_BLOCKS = YES;
				GCC_WARN_64_TO_32_BIT_CONVERSION = YES;
				GCC_WARN_ABOUT_RETURN_TYPE = YES_ERROR;
				GCC_WARN_UNDECLARED_SELECTOR = YES;
				GCC_WARN_UNINITIALIZED_AUTOS = YES_AGGRESSIVE;
				GCC_WARN_UNUSED_FUNCTION = YES;
				GCC_WARN_UNUSED_VARIABLE = YES;
				IPHONEOS_DEPLOYMENT_TARGET = 17.4;
				LOCALIZATION_PREFERS_STRING_CATALOGS = YES;
				MTL_ENABLE_DEBUG_INFO = NO;
				MTL_FAST_MATH = YES;
				SDKROOT = iphoneos;
				SWIFT_COMPILATION_MODE = wholemodule;
				VALIDATE_PRODUCT = YES;
			};
			name = Release;
		};
		20465B6C2BAF140700308A4E /* Debug */ = {
			isa = XCBuildConfiguration;
			buildSettings = {
				ASSETCATALOG_COMPILER_APPICON_NAME = AppIcon;
				ASSETCATALOG_COMPILER_GLOBAL_ACCENT_COLOR_NAME = AccentColor;
				CODE_SIGN_STYLE = Automatic;
				CURRENT_PROJECT_VERSION = 1;
				DEVELOPMENT_ASSET_PATHS = "";
				DEVELOPMENT_TEAM = VJ4397ZV9N;
				ENABLE_PREVIEWS = YES;
				GENERATE_INFOPLIST_FILE = YES;
				INFOPLIST_FILE = ScratchingCard/Info.plist;
				INFOPLIST_KEY_UIApplicationSupportsIndirectInputEvents = YES;
				INFOPLIST_KEY_UILaunchScreen_Generation = YES;
				INFOPLIST_KEY_UISupportedInterfaceOrientations_iPad = "UIInterfaceOrientationPortrait UIInterfaceOrientationPortraitUpsideDown UIInterfaceOrientationLandscapeLeft UIInterfaceOrientationLandscapeRight";
				INFOPLIST_KEY_UISupportedInterfaceOrientations_iPhone = "UIInterfaceOrientationPortrait UIInterfaceOrientationLandscapeLeft UIInterfaceOrientationLandscapeRight";
				LD_RUNPATH_SEARCH_PATHS = (
					"$(inherited)",
					"@executable_path/Frameworks",
				);
				MARKETING_VERSION = 1.0;
				PRODUCT_BUNDLE_IDENTIFIER = com.rb.dev.scratchingCard.ScratchingCarg;
				PRODUCT_NAME = "$(TARGET_NAME)";
				SWIFT_EMIT_LOC_STRINGS = YES;
				SWIFT_VERSION = 5.0;
				TARGETED_DEVICE_FAMILY = "1,2";
			};
			name = Debug;
		};
		20465B6D2BAF140700308A4E /* Release */ = {
			isa = XCBuildConfiguration;
			buildSettings = {
				ASSETCATALOG_COMPILER_APPICON_NAME = AppIcon;
				ASSETCATALOG_COMPILER_GLOBAL_ACCENT_COLOR_NAME = AccentColor;
				CODE_SIGN_STYLE = Automatic;
				CURRENT_PROJECT_VERSION = 1;
				DEVELOPMENT_ASSET_PATHS = "";
				DEVELOPMENT_TEAM = VJ4397ZV9N;
				ENABLE_PREVIEWS = YES;
				GENERATE_INFOPLIST_FILE = YES;
				INFOPLIST_FILE = ScratchingCard/Info.plist;
				INFOPLIST_KEY_UIApplicationSupportsIndirectInputEvents = YES;
				INFOPLIST_KEY_UILaunchScreen_Generation = YES;
				INFOPLIST_KEY_UISupportedInterfaceOrientations_iPad = "UIInterfaceOrientationPortrait UIInterfaceOrientationPortraitUpsideDown UIInterfaceOrientationLandscapeLeft UIInterfaceOrientationLandscapeRight";
				INFOPLIST_KEY_UISupportedInterfaceOrientations_iPhone = "UIInterfaceOrientationPortrait UIInterfaceOrientationLandscapeLeft UIInterfaceOrientationLandscapeRight";
				LD_RUNPATH_SEARCH_PATHS = (
					"$(inherited)",
					"@executable_path/Frameworks",
				);
				MARKETING_VERSION = 1.0;
				PRODUCT_BUNDLE_IDENTIFIER = com.rb.dev.scratchingCard.ScratchingCarg;
				PRODUCT_NAME = "$(TARGET_NAME)";
				SWIFT_EMIT_LOC_STRINGS = YES;
				SWIFT_VERSION = 5.0;
				TARGETED_DEVICE_FAMILY = "1,2";
			};
			name = Release;
		};
		20465B6F2BAF140700308A4E /* Debug */ = {
			isa = XCBuildConfiguration;
			buildSettings = {
				ALWAYS_EMBED_SWIFT_STANDARD_LIBRARIES = YES;
				BUNDLE_LOADER = "$(TEST_HOST)";
				CODE_SIGN_STYLE = Automatic;
				CURRENT_PROJECT_VERSION = 1;
				DEVELOPMENT_TEAM = VJ4397ZV9N;
				GENERATE_INFOPLIST_FILE = YES;
				IPHONEOS_DEPLOYMENT_TARGET = 17.4;
				MARKETING_VERSION = 1.0;
				PRODUCT_BUNDLE_IDENTIFIER = com.rb.dev.scratchingCard.ScratchingCargTests;
				PRODUCT_NAME = "$(TARGET_NAME)";
				SWIFT_EMIT_LOC_STRINGS = NO;
				SWIFT_VERSION = 5.0;
				TARGETED_DEVICE_FAMILY = "1,2";
				TEST_HOST = "$(BUILT_PRODUCTS_DIR)/ScratchingCarg.app/$(BUNDLE_EXECUTABLE_FOLDER_PATH)/ScratchingCarg";
			};
			name = Debug;
		};
		20465B702BAF140700308A4E /* Release */ = {
			isa = XCBuildConfiguration;
			buildSettings = {
				ALWAYS_EMBED_SWIFT_STANDARD_LIBRARIES = YES;
				BUNDLE_LOADER = "$(TEST_HOST)";
				CODE_SIGN_STYLE = Automatic;
				CURRENT_PROJECT_VERSION = 1;
				DEVELOPMENT_TEAM = VJ4397ZV9N;
				GENERATE_INFOPLIST_FILE = YES;
				IPHONEOS_DEPLOYMENT_TARGET = 17.4;
				MARKETING_VERSION = 1.0;
				PRODUCT_BUNDLE_IDENTIFIER = com.rb.dev.scratchingCard.ScratchingCargTests;
				PRODUCT_NAME = "$(TARGET_NAME)";
				SWIFT_EMIT_LOC_STRINGS = NO;
				SWIFT_VERSION = 5.0;
				TARGETED_DEVICE_FAMILY = "1,2";
				TEST_HOST = "$(BUILT_PRODUCTS_DIR)/ScratchingCarg.app/$(BUNDLE_EXECUTABLE_FOLDER_PATH)/ScratchingCarg";
			};
			name = Release;
		};
		20465B722BAF140700308A4E /* Debug */ = {
			isa = XCBuildConfiguration;
			buildSettings = {
				ALWAYS_EMBED_SWIFT_STANDARD_LIBRARIES = YES;
				CODE_SIGN_STYLE = Automatic;
				CURRENT_PROJECT_VERSION = 1;
				DEVELOPMENT_TEAM = VJ4397ZV9N;
				GENERATE_INFOPLIST_FILE = YES;
				MARKETING_VERSION = 1.0;
				PRODUCT_BUNDLE_IDENTIFIER = com.rb.dev.scratchingCard.ScratchingCargUITests;
				PRODUCT_NAME = "$(TARGET_NAME)";
				SWIFT_EMIT_LOC_STRINGS = NO;
				SWIFT_VERSION = 5.0;
				TARGETED_DEVICE_FAMILY = "1,2";
				TEST_TARGET_NAME = ScratchingCard;
			};
			name = Debug;
		};
		20465B732BAF140700308A4E /* Release */ = {
			isa = XCBuildConfiguration;
			buildSettings = {
				ALWAYS_EMBED_SWIFT_STANDARD_LIBRARIES = YES;
				CODE_SIGN_STYLE = Automatic;
				CURRENT_PROJECT_VERSION = 1;
				DEVELOPMENT_TEAM = VJ4397ZV9N;
				GENERATE_INFOPLIST_FILE = YES;
				MARKETING_VERSION = 1.0;
				PRODUCT_BUNDLE_IDENTIFIER = com.rb.dev.scratchingCard.ScratchingCargUITests;
				PRODUCT_NAME = "$(TARGET_NAME)";
				SWIFT_EMIT_LOC_STRINGS = NO;
				SWIFT_VERSION = 5.0;
				TARGETED_DEVICE_FAMILY = "1,2";
				TEST_TARGET_NAME = ScratchingCard;
			};
			name = Release;
		};
/* End XCBuildConfiguration section */

/* Begin XCConfigurationList section */
		20465B422BAF140400308A4E /* Build configuration list for PBXProject "ScratchingCard" */ = {
			isa = XCConfigurationList;
			buildConfigurations = (
				20465B692BAF140700308A4E /* Debug */,
				20465B6A2BAF140700308A4E /* Release */,
			);
			defaultConfigurationIsVisible = 0;
			defaultConfigurationName = Release;
		};
		20465B6B2BAF140700308A4E /* Build configuration list for PBXNativeTarget "ScratchingCard" */ = {
			isa = XCConfigurationList;
			buildConfigurations = (
				20465B6C2BAF140700308A4E /* Debug */,
				20465B6D2BAF140700308A4E /* Release */,
			);
			defaultConfigurationIsVisible = 0;
			defaultConfigurationName = Release;
		};
		20465B6E2BAF140700308A4E /* Build configuration list for PBXNativeTarget "ScratchingCardTests" */ = {
			isa = XCConfigurationList;
			buildConfigurations = (
				20465B6F2BAF140700308A4E /* Debug */,
				20465B702BAF140700308A4E /* Release */,
			);
			defaultConfigurationIsVisible = 0;
			defaultConfigurationName = Release;
		};
		20465B712BAF140700308A4E /* Build configuration list for PBXNativeTarget "ScratchingCardUITests" */ = {
			isa = XCConfigurationList;
			buildConfigurations = (
				20465B722BAF140700308A4E /* Debug */,
				20465B732BAF140700308A4E /* Release */,
			);
			defaultConfigurationIsVisible = 0;
			defaultConfigurationName = Release;
		};
/* End XCConfigurationList section */
	};
	rootObject = 20465B3F2BAF140400308A4E /* Project object */;
}
