// !$*UTF8*$!
{
	archiveVersion = 1;
	classes = {
	};
	objectVersion = 56;
	objects = {

/* Begin PBXBuildFile section */
		2001A9922BB29BFF00DD56F2 /* ScratchingCardTests.swift in Sources */ = {isa = PBXBuildFile; fileRef = 2001A9912BB29BFF00DD56F2 /* ScratchingCardTests.swift */; };
		2001A9982BB29C1F00DD56F2 /* CardStateModel.swift in Sources */ = {isa = PBXBuildFile; fileRef = 20C4F7692BB1A2890094D123 /* CardStateModel.swift */; };
		20465B4D2BAF140500308A4E /* MainScreenView.swift in Sources */ = {isa = PBXBuildFile; fileRef = 20465B4C2BAF140500308A4E /* MainScreenView.swift */; };
		20465B4F2BAF140600308A4E /* Assets.xcassets in Resources */ = {isa = PBXBuildFile; fileRef = 20465B4E2BAF140600308A4E /* Assets.xcassets */; };
		20465B752BAF151400308A4E /* AppDelegate.swift in Sources */ = {isa = PBXBuildFile; fileRef = 20465B742BAF151400308A4E /* AppDelegate.swift */; };
		20465B772BAF15FF00308A4E /* SceneDelegate.swift in Sources */ = {isa = PBXBuildFile; fileRef = 20465B762BAF15FF00308A4E /* SceneDelegate.swift */; };
		20465B792BAF163800308A4E /* MainScreenCoordinator.swift in Sources */ = {isa = PBXBuildFile; fileRef = 20465B782BAF163800308A4E /* MainScreenCoordinator.swift */; };
		20465B7B2BAF170900308A4E /* ViewControllerCoordinator.swift in Sources */ = {isa = PBXBuildFile; fileRef = 20465B7A2BAF170900308A4E /* ViewControllerCoordinator.swift */; };
		20465B7D2BAF173D00308A4E /* NavigationControllerCoordinating.swift in Sources */ = {isa = PBXBuildFile; fileRef = 20465B7C2BAF173D00308A4E /* NavigationControllerCoordinating.swift */; };
		20465B7F2BAF177100308A4E /* AppCoordinator.swift in Sources */ = {isa = PBXBuildFile; fileRef = 20465B7E2BAF177100308A4E /* AppCoordinator.swift */; };
		20465B872BB0925000308A4E /* CardView.swift in Sources */ = {isa = PBXBuildFile; fileRef = 20465B862BB0925000308A4E /* CardView.swift */; };
		20465B892BB098E500308A4E /* MainScreenViewModel.swift in Sources */ = {isa = PBXBuildFile; fileRef = 20465B882BB098E500308A4E /* MainScreenViewModel.swift */; };
		20465B8B2BB0991400308A4E /* Constants.swift in Sources */ = {isa = PBXBuildFile; fileRef = 20465B8A2BB0991400308A4E /* Constants.swift */; };
		20C4F7532BB0A4B10094D123 /* ChildSizeReader.swift in Sources */ = {isa = PBXBuildFile; fileRef = 20C4F7522BB0A4B10094D123 /* ChildSizeReader.swift */; };
		20C4F7562BB0B6EC0094D123 /* ScratchingView.swift in Sources */ = {isa = PBXBuildFile; fileRef = 20C4F7552BB0B6EC0094D123 /* ScratchingView.swift */; };
		20C4F7582BB15A200094D123 /* ButtonStyle.swift in Sources */ = {isa = PBXBuildFile; fileRef = 20C4F7572BB15A200094D123 /* ButtonStyle.swift */; };
		20C4F75A2BB163830094D123 /* BubblesView.swift in Sources */ = {isa = PBXBuildFile; fileRef = 20C4F7592BB163830094D123 /* BubblesView.swift */; };
		20C4F75C2BB166250094D123 /* AnimatedBackgroundModifier.swift in Sources */ = {isa = PBXBuildFile; fileRef = 20C4F75B2BB166250094D123 /* AnimatedBackgroundModifier.swift */; };
		20C4F75F2BB171330094D123 /* AppLifecycleResponding.swift in Sources */ = {isa = PBXBuildFile; fileRef = 20C4F75E2BB171330094D123 /* AppLifecycleResponding.swift */; };
		20C4F7622BB172580094D123 /* ScratchingViewModel.swift in Sources */ = {isa = PBXBuildFile; fileRef = 20C4F7612BB172580094D123 /* ScratchingViewModel.swift */; };
		20C4F7652BB1746D0094D123 /* HostingController.swift in Sources */ = {isa = PBXBuildFile; fileRef = 20C4F7642BB1746D0094D123 /* HostingController.swift */; };
		20C4F7672BB186650094D123 /* View+If.swift in Sources */ = {isa = PBXBuildFile; fileRef = 20C4F7662BB186650094D123 /* View+If.swift */; };
		20C4F76A2BB1A2890094D123 /* CardStateModel.swift in Sources */ = {isa = PBXBuildFile; fileRef = 20C4F7692BB1A2890094D123 /* CardStateModel.swift */; };
		20C4F76F2BB1C60B0094D123 /* Development.xcconfig in Resources */ = {isa = PBXBuildFile; fileRef = 20C4F76E2BB1C60B0094D123 /* Development.xcconfig */; };
		20C4F7722BB1C6FD0094D123 /* AppConfiguration.swift in Sources */ = {isa = PBXBuildFile; fileRef = 20C4F7712BB1C6FD0094D123 /* AppConfiguration.swift */; };
		20C4F7742BB1C8040094D123 /* DIContainer.swift in Sources */ = {isa = PBXBuildFile; fileRef = 20C4F7732BB1C8040094D123 /* DIContainer.swift */; };
		20C4F7772BB1C8660094D123 /* APIManager.swift in Sources */ = {isa = PBXBuildFile; fileRef = 20C4F7762BB1C8660094D123 /* APIManager.swift */; };
		20C4F7792BB1C8A00094D123 /* Endpoint.swift in Sources */ = {isa = PBXBuildFile; fileRef = 20C4F7782BB1C8A00094D123 /* Endpoint.swift */; };
		20C4F77C2BB1C8BD0094D123 /* HTTPMethod.swift in Sources */ = {isa = PBXBuildFile; fileRef = 20C4F77B2BB1C8BD0094D123 /* HTTPMethod.swift */; };
		20C4F77E2BB1C8D70094D123 /* HTTPHeader.swift in Sources */ = {isa = PBXBuildFile; fileRef = 20C4F77D2BB1C8D70094D123 /* HTTPHeader.swift */; };
		20C4F7802BB1C8FC0094D123 /* APIError.swift in Sources */ = {isa = PBXBuildFile; fileRef = 20C4F77F2BB1C8FC0094D123 /* APIError.swift */; };
		20C4F7832BB1CA8B0094D123 /* CodeActivationRouter.swift in Sources */ = {isa = PBXBuildFile; fileRef = 20C4F7822BB1CA8B0094D123 /* CodeActivationRouter.swift */; };
		20C4F7862BB1CC690094D123 /* Injected.swift in Sources */ = {isa = PBXBuildFile; fileRef = 20C4F7852BB1CC690094D123 /* Injected.swift */; };
		20C4F7892BB1CD480094D123 /* ActivationView.swift in Sources */ = {isa = PBXBuildFile; fileRef = 20C4F7882BB1CD480094D123 /* ActivationView.swift */; };
		20E47E092BB1D0EC00B113E9 /* RemoteResponse.swift in Sources */ = {isa = PBXBuildFile; fileRef = 20E47E082BB1D0EC00B113E9 /* RemoteResponse.swift */; };
		20E47E0B2BB1D5DA00B113E9 /* ActivationViewModel.swift in Sources */ = {isa = PBXBuildFile; fileRef = 20E47E0A2BB1D5D900B113E9 /* ActivationViewModel.swift */; };
		20E47E0D2BB1D7D900B113E9 /* ErrorViewModifier.swift in Sources */ = {isa = PBXBuildFile; fileRef = 20E47E0C2BB1D7D900B113E9 /* ErrorViewModifier.swift */; };
		20E47E0F2BB28CE000B113E9 /* AlertError.swift in Sources */ = {isa = PBXBuildFile; fileRef = 20E47E0E2BB28CE000B113E9 /* AlertError.swift */; };
		20E47E112BB28DCC00B113E9 /* AlertError+ViewModifier.swift in Sources */ = {isa = PBXBuildFile; fileRef = 20E47E102BB28DCC00B113E9 /* AlertError+ViewModifier.swift */; };
		20E47E132BB290CA00B113E9 /* Release.xcconfig in Resources */ = {isa = PBXBuildFile; fileRef = 20E47E122BB290CA00B113E9 /* Release.xcconfig */; };
		20E47E162BB2933300B113E9 /* Localizable.xcstrings in Resources */ = {isa = PBXBuildFile; fileRef = 20E47E152BB2933300B113E9 /* Localizable.xcstrings */; };
/* End PBXBuildFile section */

/* Begin PBXContainerItemProxy section */
		2001A9932BB29BFF00DD56F2 /* PBXContainerItemProxy */ = {
			isa = PBXContainerItemProxy;
			containerPortal = 20465B3F2BAF140400308A4E /* Project object */;
			proxyType = 1;
			remoteGlobalIDString = 20465B462BAF140500308A4E;
			remoteInfo = ScratchingCard;
		};
/* End PBXContainerItemProxy section */

/* Begin PBXFileReference section */
		2001A98F2BB29BFF00DD56F2 /* ScratchingCardTests.xctest */ = {isa = PBXFileReference; explicitFileType = wrapper.cfbundle; includeInIndex = 0; path = ScratchingCardTests.xctest; sourceTree = BUILT_PRODUCTS_DIR; };
		2001A9912BB29BFF00DD56F2 /* ScratchingCardTests.swift */ = {isa = PBXFileReference; lastKnownFileType = sourcecode.swift; path = ScratchingCardTests.swift; sourceTree = "<group>"; };
		20465B472BAF140500308A4E /* ScratchingCard.app */ = {isa = PBXFileReference; explicitFileType = wrapper.application; includeInIndex = 0; path = ScratchingCard.app; sourceTree = BUILT_PRODUCTS_DIR; };
		20465B4C2BAF140500308A4E /* MainScreenView.swift */ = {isa = PBXFileReference; lastKnownFileType = sourcecode.swift; path = MainScreenView.swift; sourceTree = "<group>"; };
		20465B4E2BAF140600308A4E /* Assets.xcassets */ = {isa = PBXFileReference; lastKnownFileType = folder.assetcatalog; path = Assets.xcassets; sourceTree = "<group>"; };
		20465B742BAF151400308A4E /* AppDelegate.swift */ = {isa = PBXFileReference; lastKnownFileType = sourcecode.swift; path = AppDelegate.swift; sourceTree = "<group>"; };
		20465B762BAF15FF00308A4E /* SceneDelegate.swift */ = {isa = PBXFileReference; lastKnownFileType = sourcecode.swift; path = SceneDelegate.swift; sourceTree = "<group>"; };
		20465B782BAF163800308A4E /* MainScreenCoordinator.swift */ = {isa = PBXFileReference; lastKnownFileType = sourcecode.swift; path = MainScreenCoordinator.swift; sourceTree = "<group>"; };
		20465B7A2BAF170900308A4E /* ViewControllerCoordinator.swift */ = {isa = PBXFileReference; lastKnownFileType = sourcecode.swift; path = ViewControllerCoordinator.swift; sourceTree = "<group>"; };
		20465B7C2BAF173D00308A4E /* NavigationControllerCoordinating.swift */ = {isa = PBXFileReference; lastKnownFileType = sourcecode.swift; path = NavigationControllerCoordinating.swift; sourceTree = "<group>"; };
		20465B7E2BAF177100308A4E /* AppCoordinator.swift */ = {isa = PBXFileReference; lastKnownFileType = sourcecode.swift; path = AppCoordinator.swift; sourceTree = "<group>"; };
		20465B812BAF1CD500308A4E /* Info.plist */ = {isa = PBXFileReference; lastKnownFileType = text.plist.xml; path = Info.plist; sourceTree = "<group>"; };
		20465B862BB0925000308A4E /* CardView.swift */ = {isa = PBXFileReference; lastKnownFileType = sourcecode.swift; path = CardView.swift; sourceTree = "<group>"; };
		20465B882BB098E500308A4E /* MainScreenViewModel.swift */ = {isa = PBXFileReference; lastKnownFileType = sourcecode.swift; path = MainScreenViewModel.swift; sourceTree = "<group>"; };
		20465B8A2BB0991400308A4E /* Constants.swift */ = {isa = PBXFileReference; lastKnownFileType = sourcecode.swift; path = Constants.swift; sourceTree = "<group>"; };
		20C4F7522BB0A4B10094D123 /* ChildSizeReader.swift */ = {isa = PBXFileReference; lastKnownFileType = sourcecode.swift; path = ChildSizeReader.swift; sourceTree = "<group>"; };
		20C4F7552BB0B6EC0094D123 /* ScratchingView.swift */ = {isa = PBXFileReference; lastKnownFileType = sourcecode.swift; path = ScratchingView.swift; sourceTree = "<group>"; };
		20C4F7572BB15A200094D123 /* ButtonStyle.swift */ = {isa = PBXFileReference; lastKnownFileType = sourcecode.swift; path = ButtonStyle.swift; sourceTree = "<group>"; };
		20C4F7592BB163830094D123 /* BubblesView.swift */ = {isa = PBXFileReference; lastKnownFileType = sourcecode.swift; path = BubblesView.swift; sourceTree = "<group>"; };
		20C4F75B2BB166250094D123 /* AnimatedBackgroundModifier.swift */ = {isa = PBXFileReference; lastKnownFileType = sourcecode.swift; path = AnimatedBackgroundModifier.swift; sourceTree = "<group>"; };
		20C4F75E2BB171330094D123 /* AppLifecycleResponding.swift */ = {isa = PBXFileReference; lastKnownFileType = sourcecode.swift; path = AppLifecycleResponding.swift; sourceTree = "<group>"; };
		20C4F7612BB172580094D123 /* ScratchingViewModel.swift */ = {isa = PBXFileReference; lastKnownFileType = sourcecode.swift; path = ScratchingViewModel.swift; sourceTree = "<group>"; };
		20C4F7642BB1746D0094D123 /* HostingController.swift */ = {isa = PBXFileReference; lastKnownFileType = sourcecode.swift; path = HostingController.swift; sourceTree = "<group>"; };
		20C4F7662BB186650094D123 /* View+If.swift */ = {isa = PBXFileReference; lastKnownFileType = sourcecode.swift; path = "View+If.swift"; sourceTree = "<group>"; };
		20C4F7692BB1A2890094D123 /* CardStateModel.swift */ = {isa = PBXFileReference; lastKnownFileType = sourcecode.swift; path = CardStateModel.swift; sourceTree = "<group>"; };
		20C4F76E2BB1C60B0094D123 /* Development.xcconfig */ = {isa = PBXFileReference; lastKnownFileType = text.xcconfig; path = Development.xcconfig; sourceTree = "<group>"; };
		20C4F7712BB1C6FD0094D123 /* AppConfiguration.swift */ = {isa = PBXFileReference; lastKnownFileType = sourcecode.swift; path = AppConfiguration.swift; sourceTree = "<group>"; };
		20C4F7732BB1C8040094D123 /* DIContainer.swift */ = {isa = PBXFileReference; lastKnownFileType = sourcecode.swift; path = DIContainer.swift; sourceTree = "<group>"; };
		20C4F7762BB1C8660094D123 /* APIManager.swift */ = {isa = PBXFileReference; lastKnownFileType = sourcecode.swift; path = APIManager.swift; sourceTree = "<group>"; };
		20C4F7782BB1C8A00094D123 /* Endpoint.swift */ = {isa = PBXFileReference; lastKnownFileType = sourcecode.swift; path = Endpoint.swift; sourceTree = "<group>"; };
		20C4F77B2BB1C8BD0094D123 /* HTTPMethod.swift */ = {isa = PBXFileReference; lastKnownFileType = sourcecode.swift; path = HTTPMethod.swift; sourceTree = "<group>"; };
		20C4F77D2BB1C8D70094D123 /* HTTPHeader.swift */ = {isa = PBXFileReference; lastKnownFileType = sourcecode.swift; path = HTTPHeader.swift; sourceTree = "<group>"; };
		20C4F77F2BB1C8FC0094D123 /* APIError.swift */ = {isa = PBXFileReference; lastKnownFileType = sourcecode.swift; path = APIError.swift; sourceTree = "<group>"; };
		20C4F7822BB1CA8B0094D123 /* CodeActivationRouter.swift */ = {isa = PBXFileReference; lastKnownFileType = sourcecode.swift; path = CodeActivationRouter.swift; sourceTree = "<group>"; };
		20C4F7852BB1CC690094D123 /* Injected.swift */ = {isa = PBXFileReference; lastKnownFileType = sourcecode.swift; path = Injected.swift; sourceTree = "<group>"; };
		20C4F7882BB1CD480094D123 /* ActivationView.swift */ = {isa = PBXFileReference; lastKnownFileType = sourcecode.swift; path = ActivationView.swift; sourceTree = "<group>"; };
		20E47E082BB1D0EC00B113E9 /* RemoteResponse.swift */ = {isa = PBXFileReference; lastKnownFileType = sourcecode.swift; path = RemoteResponse.swift; sourceTree = "<group>"; };
		20E47E0A2BB1D5D900B113E9 /* ActivationViewModel.swift */ = {isa = PBXFileReference; lastKnownFileType = sourcecode.swift; path = ActivationViewModel.swift; sourceTree = "<group>"; };
		20E47E0C2BB1D7D900B113E9 /* ErrorViewModifier.swift */ = {isa = PBXFileReference; lastKnownFileType = sourcecode.swift; path = ErrorViewModifier.swift; sourceTree = "<group>"; };
		20E47E0E2BB28CE000B113E9 /* AlertError.swift */ = {isa = PBXFileReference; lastKnownFileType = sourcecode.swift; path = AlertError.swift; sourceTree = "<group>"; };
		20E47E102BB28DCC00B113E9 /* AlertError+ViewModifier.swift */ = {isa = PBXFileReference; lastKnownFileType = sourcecode.swift; path = "AlertError+ViewModifier.swift"; sourceTree = "<group>"; };
		20E47E122BB290CA00B113E9 /* Release.xcconfig */ = {isa = PBXFileReference; lastKnownFileType = text.xcconfig; path = Release.xcconfig; sourceTree = "<group>"; };
		20E47E152BB2933300B113E9 /* Localizable.xcstrings */ = {isa = PBXFileReference; lastKnownFileType = text.json.xcstrings; path = Localizable.xcstrings; sourceTree = "<group>"; };
/* End PBXFileReference section */

/* Begin PBXFrameworksBuildPhase section */
		2001A98C2BB29BFF00DD56F2 /* Frameworks */ = {
			isa = PBXFrameworksBuildPhase;
			buildActionMask = 2147483647;
			files = (
			);
			runOnlyForDeploymentPostprocessing = 0;
		};
		20465B442BAF140500308A4E /* Frameworks */ = {
			isa = PBXFrameworksBuildPhase;
			buildActionMask = 2147483647;
			files = (
			);
			runOnlyForDeploymentPostprocessing = 0;
		};
/* End PBXFrameworksBuildPhase section */

/* Begin PBXGroup section */
		2001A9902BB29BFF00DD56F2 /* ScratchingCardTests */ = {
			isa = PBXGroup;
			children = (
				2001A9912BB29BFF00DD56F2 /* ScratchingCardTests.swift */,
			);
			path = ScratchingCardTests;
			sourceTree = "<group>";
		};
		20465B3E2BAF140400308A4E = {
			isa = PBXGroup;
			children = (
				20C4F76D2BB1C5E00094D123 /* Configurations */,
				20465B492BAF140500308A4E /* ScratchingCard */,
				2001A9902BB29BFF00DD56F2 /* ScratchingCardTests */,
				20465B482BAF140500308A4E /* Products */,
			);
			sourceTree = "<group>";
		};
		20465B482BAF140500308A4E /* Products */ = {
			isa = PBXGroup;
			children = (
				20465B472BAF140500308A4E /* ScratchingCard.app */,
				2001A98F2BB29BFF00DD56F2 /* ScratchingCardTests.xctest */,
			);
			name = Products;
			sourceTree = "<group>";
		};
		20465B492BAF140500308A4E /* ScratchingCard */ = {
			isa = PBXGroup;
			children = (
				20E47E142BB291E300B113E9 /* Resources */,
				20C4F7872BB1CD3A0094D123 /* ActivationScreen */,
				20C4F7752BB1C82C0094D123 /* Networking */,
				20C4F7682BB1A2800094D123 /* Models */,
				20465B852BB0924000308A4E /* Common */,
				20465B842BB0915E00308A4E /* MainScren */,
				20C4F7542BB0B6D20094D123 /* ScratchingScreen */,
				20465B742BAF151400308A4E /* AppDelegate.swift */,
				20465B7E2BAF177100308A4E /* AppCoordinator.swift */,
				20465B762BAF15FF00308A4E /* SceneDelegate.swift */,
			);
			path = ScratchingCard;
			sourceTree = "<group>";
		};
		20465B842BB0915E00308A4E /* MainScren */ = {
			isa = PBXGroup;
			children = (
				20465B782BAF163800308A4E /* MainScreenCoordinator.swift */,
				20465B4C2BAF140500308A4E /* MainScreenView.swift */,
				20465B882BB098E500308A4E /* MainScreenViewModel.swift */,
			);
			path = MainScren;
			sourceTree = "<group>";
		};
		20465B852BB0924000308A4E /* Common */ = {
			isa = PBXGroup;
			children = (
				20C4F7702BB1C6F30094D123 /* Configuration */,
				20C4F7632BB173190094D123 /* Utils */,
				20C4F7602BB171E00094D123 /* Views */,
				20C4F75D2BB171230094D123 /* Protocol */,
				20465B8A2BB0991400308A4E /* Constants.swift */,
			);
			path = Common;
			sourceTree = "<group>";
		};
		20C4F7542BB0B6D20094D123 /* ScratchingScreen */ = {
			isa = PBXGroup;
			children = (
				20C4F7552BB0B6EC0094D123 /* ScratchingView.swift */,
				20C4F7612BB172580094D123 /* ScratchingViewModel.swift */,
			);
			path = ScratchingScreen;
			sourceTree = "<group>";
		};
		20C4F75D2BB171230094D123 /* Protocol */ = {
			isa = PBXGroup;
			children = (
				20C4F75E2BB171330094D123 /* AppLifecycleResponding.swift */,
				20465B7A2BAF170900308A4E /* ViewControllerCoordinator.swift */,
				20465B7C2BAF173D00308A4E /* NavigationControllerCoordinating.swift */,
				20E47E0E2BB28CE000B113E9 /* AlertError.swift */,
			);
			path = Protocol;
			sourceTree = "<group>";
		};
		20C4F7602BB171E00094D123 /* Views */ = {
			isa = PBXGroup;
			children = (
				20C4F75B2BB166250094D123 /* AnimatedBackgroundModifier.swift */,
				20465B862BB0925000308A4E /* CardView.swift */,
				20C4F7592BB163830094D123 /* BubblesView.swift */,
				20E47E0C2BB1D7D900B113E9 /* ErrorViewModifier.swift */,
				20E47E102BB28DCC00B113E9 /* AlertError+ViewModifier.swift */,
			);
			path = Views;
			sourceTree = "<group>";
		};
		20C4F7632BB173190094D123 /* Utils */ = {
			isa = PBXGroup;
			children = (
				20C4F7842BB1CC5A0094D123 /* DependencyInjection */,
				20C4F7522BB0A4B10094D123 /* ChildSizeReader.swift */,
				20C4F7572BB15A200094D123 /* ButtonStyle.swift */,
				20C4F7642BB1746D0094D123 /* HostingController.swift */,
				20C4F7662BB186650094D123 /* View+If.swift */,
			);
			path = Utils;
			sourceTree = "<group>";
		};
		20C4F7682BB1A2800094D123 /* Models */ = {
			isa = PBXGroup;
			children = (
				20C4F7692BB1A2890094D123 /* CardStateModel.swift */,
				20E47E082BB1D0EC00B113E9 /* RemoteResponse.swift */,
			);
			path = Models;
			sourceTree = "<group>";
		};
		20C4F76D2BB1C5E00094D123 /* Configurations */ = {
			isa = PBXGroup;
			children = (
				20C4F76E2BB1C60B0094D123 /* Development.xcconfig */,
				20E47E122BB290CA00B113E9 /* Release.xcconfig */,
			);
			path = Configurations;
			sourceTree = "<group>";
		};
		20C4F7702BB1C6F30094D123 /* Configuration */ = {
			isa = PBXGroup;
			children = (
				20C4F7712BB1C6FD0094D123 /* AppConfiguration.swift */,
			);
			path = Configuration;
			sourceTree = "<group>";
		};
		20C4F7752BB1C82C0094D123 /* Networking */ = {
			isa = PBXGroup;
			children = (
				20C4F7812BB1CA7C0094D123 /* Router */,
				20C4F77A2BB1C8AE0094D123 /* Utils */,
				20C4F7762BB1C8660094D123 /* APIManager.swift */,
				20C4F7782BB1C8A00094D123 /* Endpoint.swift */,
			);
			path = Networking;
			sourceTree = "<group>";
		};
		20C4F77A2BB1C8AE0094D123 /* Utils */ = {
			isa = PBXGroup;
			children = (
				20C4F77B2BB1C8BD0094D123 /* HTTPMethod.swift */,
				20C4F77D2BB1C8D70094D123 /* HTTPHeader.swift */,
				20C4F77F2BB1C8FC0094D123 /* APIError.swift */,
			);
			path = Utils;
			sourceTree = "<group>";
		};
		20C4F7812BB1CA7C0094D123 /* Router */ = {
			isa = PBXGroup;
			children = (
				20C4F7822BB1CA8B0094D123 /* CodeActivationRouter.swift */,
			);
			path = Router;
			sourceTree = "<group>";
		};
		20C4F7842BB1CC5A0094D123 /* DependencyInjection */ = {
			isa = PBXGroup;
			children = (
				20C4F7732BB1C8040094D123 /* DIContainer.swift */,
				20C4F7852BB1CC690094D123 /* Injected.swift */,
			);
			path = DependencyInjection;
			sourceTree = "<group>";
		};
		20C4F7872BB1CD3A0094D123 /* ActivationScreen */ = {
			isa = PBXGroup;
			children = (
				20C4F7882BB1CD480094D123 /* ActivationView.swift */,
				20E47E0A2BB1D5D900B113E9 /* ActivationViewModel.swift */,
			);
			path = ActivationScreen;
			sourceTree = "<group>";
		};
		20E47E142BB291E300B113E9 /* Resources */ = {
			isa = PBXGroup;
			children = (
				20465B812BAF1CD500308A4E /* Info.plist */,
				20465B4E2BAF140600308A4E /* Assets.xcassets */,
				20E47E152BB2933300B113E9 /* Localizable.xcstrings */,
			);
			path = Resources;
			sourceTree = "<group>";
		};
/* End PBXGroup section */

/* Begin PBXNativeTarget section */
		2001A98E2BB29BFF00DD56F2 /* ScratchingCardTests */ = {
			isa = PBXNativeTarget;
			buildConfigurationList = 2001A9952BB29BFF00DD56F2 /* Build configuration list for PBXNativeTarget "ScratchingCardTests" */;
			buildPhases = (
				2001A98B2BB29BFF00DD56F2 /* Sources */,
				2001A98C2BB29BFF00DD56F2 /* Frameworks */,
				2001A98D2BB29BFF00DD56F2 /* Resources */,
			);
			buildRules = (
			);
			dependencies = (
				2001A9942BB29BFF00DD56F2 /* PBXTargetDependency */,
			);
			name = ScratchingCardTests;
			productName = ScratchingCardTests;
			productReference = 2001A98F2BB29BFF00DD56F2 /* ScratchingCardTests.xctest */;
			productType = "com.apple.product-type.bundle.unit-test";
		};
		20465B462BAF140500308A4E /* ScratchingCard */ = {
			isa = PBXNativeTarget;
			buildConfigurationList = 20465B6B2BAF140700308A4E /* Build configuration list for PBXNativeTarget "ScratchingCard" */;
			buildPhases = (
				20465B432BAF140500308A4E /* Sources */,
				20465B442BAF140500308A4E /* Frameworks */,
				20465B452BAF140500308A4E /* Resources */,
			);
			buildRules = (
			);
			dependencies = (
			);
			name = ScratchingCard;
			productName = ScratchingCarg;
			productReference = 20465B472BAF140500308A4E /* ScratchingCard.app */;
			productType = "com.apple.product-type.application";
		};
/* End PBXNativeTarget section */

/* Begin PBXProject section */
		20465B3F2BAF140400308A4E /* Project object */ = {
			isa = PBXProject;
			attributes = {
				BuildIndependentTargetsInParallel = 1;
				LastSwiftUpdateCheck = 1530;
				LastUpgradeCheck = 1530;
				TargetAttributes = {
					2001A98E2BB29BFF00DD56F2 = {
						CreatedOnToolsVersion = 15.3;
						TestTargetID = 20465B462BAF140500308A4E;
					};
					20465B462BAF140500308A4E = {
						CreatedOnToolsVersion = 15.3;
					};
				};
			};
			buildConfigurationList = 20465B422BAF140400308A4E /* Build configuration list for PBXProject "ScratchingCard" */;
			compatibilityVersion = "Xcode 14.0";
			developmentRegion = en;
			hasScannedForEncodings = 0;
			knownRegions = (
				en,
				Base,
			);
			mainGroup = 20465B3E2BAF140400308A4E;
			productRefGroup = 20465B482BAF140500308A4E /* Products */;
			projectDirPath = "";
			projectRoot = "";
			targets = (
				20465B462BAF140500308A4E /* ScratchingCard */,
				2001A98E2BB29BFF00DD56F2 /* ScratchingCardTests */,
			);
		};
/* End PBXProject section */

/* Begin PBXResourcesBuildPhase section */
		2001A98D2BB29BFF00DD56F2 /* Resources */ = {
			isa = PBXResourcesBuildPhase;
			buildActionMask = 2147483647;
			files = (
			);
			runOnlyForDeploymentPostprocessing = 0;
		};
		20465B452BAF140500308A4E /* Resources */ = {
			isa = PBXResourcesBuildPhase;
			buildActionMask = 2147483647;
			files = (
				20C4F76F2BB1C60B0094D123 /* Development.xcconfig in Resources */,
				20465B4F2BAF140600308A4E /* Assets.xcassets in Resources */,
				20E47E162BB2933300B113E9 /* Localizable.xcstrings in Resources */,
				20E47E132BB290CA00B113E9 /* Release.xcconfig in Resources */,
			);
			runOnlyForDeploymentPostprocessing = 0;
		};
/* End PBXResourcesBuildPhase section */

/* Begin PBXSourcesBuildPhase section */
		2001A98B2BB29BFF00DD56F2 /* Sources */ = {
			isa = PBXSourcesBuildPhase;
			buildActionMask = 2147483647;
			files = (
				2001A9922BB29BFF00DD56F2 /* ScratchingCardTests.swift in Sources */,
				2001A9982BB29C1F00DD56F2 /* CardStateModel.swift in Sources */,
			);
			runOnlyForDeploymentPostprocessing = 0;
		};
		20465B432BAF140500308A4E /* Sources */ = {
			isa = PBXSourcesBuildPhase;
			buildActionMask = 2147483647;
			files = (
				20C4F7582BB15A200094D123 /* ButtonStyle.swift in Sources */,
				20C4F75F2BB171330094D123 /* AppLifecycleResponding.swift in Sources */,
				20E47E112BB28DCC00B113E9 /* AlertError+ViewModifier.swift in Sources */,
				20465B752BAF151400308A4E /* AppDelegate.swift in Sources */,
				20C4F76A2BB1A2890094D123 /* CardStateModel.swift in Sources */,
				20465B8B2BB0991400308A4E /* Constants.swift in Sources */,
				20C4F7862BB1CC690094D123 /* Injected.swift in Sources */,
				20E47E092BB1D0EC00B113E9 /* RemoteResponse.swift in Sources */,
				20C4F75C2BB166250094D123 /* AnimatedBackgroundModifier.swift in Sources */,
				20465B892BB098E500308A4E /* MainScreenViewModel.swift in Sources */,
				20C4F7652BB1746D0094D123 /* HostingController.swift in Sources */,
				20C4F7802BB1C8FC0094D123 /* APIError.swift in Sources */,
				20E47E0F2BB28CE000B113E9 /* AlertError.swift in Sources */,
				20C4F77C2BB1C8BD0094D123 /* HTTPMethod.swift in Sources */,
				20465B7B2BAF170900308A4E /* ViewControllerCoordinator.swift in Sources */,
				20C4F7722BB1C6FD0094D123 /* AppConfiguration.swift in Sources */,
				20C4F7792BB1C8A00094D123 /* Endpoint.swift in Sources */,
				20465B7D2BAF173D00308A4E /* NavigationControllerCoordinating.swift in Sources */,
				20465B4D2BAF140500308A4E /* MainScreenView.swift in Sources */,
				20C4F7742BB1C8040094D123 /* DIContainer.swift in Sources */,
				20E47E0B2BB1D5DA00B113E9 /* ActivationViewModel.swift in Sources */,
				20C4F7892BB1CD480094D123 /* ActivationView.swift in Sources */,
				20465B7F2BAF177100308A4E /* AppCoordinator.swift in Sources */,
				20C4F77E2BB1C8D70094D123 /* HTTPHeader.swift in Sources */,
				20C4F7622BB172580094D123 /* ScratchingViewModel.swift in Sources */,
				20C4F7832BB1CA8B0094D123 /* CodeActivationRouter.swift in Sources */,
				20C4F75A2BB163830094D123 /* BubblesView.swift in Sources */,
				20C4F7532BB0A4B10094D123 /* ChildSizeReader.swift in Sources */,
				20E47E0D2BB1D7D900B113E9 /* ErrorViewModifier.swift in Sources */,
				20C4F7562BB0B6EC0094D123 /* ScratchingView.swift in Sources */,
				20465B872BB0925000308A4E /* CardView.swift in Sources */,
				20465B792BAF163800308A4E /* MainScreenCoordinator.swift in Sources */,
				20C4F7772BB1C8660094D123 /* APIManager.swift in Sources */,
				20465B772BAF15FF00308A4E /* SceneDelegate.swift in Sources */,
				20C4F7672BB186650094D123 /* View+If.swift in Sources */,
			);
			runOnlyForDeploymentPostprocessing = 0;
		};
/* End PBXSourcesBuildPhase section */

/* Begin PBXTargetDependency section */
		2001A9942BB29BFF00DD56F2 /* PBXTargetDependency */ = {
			isa = PBXTargetDependency;
			target = 20465B462BAF140500308A4E /* ScratchingCard */;
			targetProxy = 2001A9932BB29BFF00DD56F2 /* PBXContainerItemProxy */;
		};
/* End PBXTargetDependency section */

/* Begin XCBuildConfiguration section */
		2001A9962BB29BFF00DD56F2 /* Debug */ = {
			isa = XCBuildConfiguration;
			buildSettings = {
				BUNDLE_LOADER = "$(TEST_HOST)";
				CODE_SIGN_STYLE = Automatic;
				CURRENT_PROJECT_VERSION = 1;
				DEVELOPMENT_TEAM = VJ4397ZV9N;
				GENERATE_INFOPLIST_FILE = YES;
				IPHONEOS_DEPLOYMENT_TARGET = 16.0;
				MARKETING_VERSION = 1.0;
				PRODUCT_BUNDLE_IDENTIFIER = com.rb.dev.scratchingCard.ScratchingCardTests;
				PRODUCT_NAME = "$(TARGET_NAME)";
				SWIFT_EMIT_LOC_STRINGS = NO;
				SWIFT_VERSION = 5.0;
				TARGETED_DEVICE_FAMILY = "1,2";
				TEST_HOST = "$(BUILT_PRODUCTS_DIR)/ScratchingCard.app/$(BUNDLE_EXECUTABLE_FOLDER_PATH)/ScratchingCard";
			};
			name = Debug;
		};
		2001A9972BB29BFF00DD56F2 /* Release */ = {
			isa = XCBuildConfiguration;
			buildSettings = {
				BUNDLE_LOADER = "$(TEST_HOST)";
				CODE_SIGN_STYLE = Automatic;
				CURRENT_PROJECT_VERSION = 1;
				DEVELOPMENT_TEAM = VJ4397ZV9N;
				GENERATE_INFOPLIST_FILE = YES;
				IPHONEOS_DEPLOYMENT_TARGET = 16.0;
				MARKETING_VERSION = 1.0;
				PRODUCT_BUNDLE_IDENTIFIER = com.rb.dev.scratchingCard.ScratchingCardTests;
				PRODUCT_NAME = "$(TARGET_NAME)";
				SWIFT_EMIT_LOC_STRINGS = NO;
				SWIFT_VERSION = 5.0;
				TARGETED_DEVICE_FAMILY = "1,2";
				TEST_HOST = "$(BUILT_PRODUCTS_DIR)/ScratchingCard.app/$(BUNDLE_EXECUTABLE_FOLDER_PATH)/ScratchingCard";
			};
			name = Release;
		};
		20465B692BAF140700308A4E /* Debug */ = {
			isa = XCBuildConfiguration;
			buildSettings = {
				ALWAYS_SEARCH_USER_PATHS = NO;
				ASSETCATALOG_COMPILER_GENERATE_SWIFT_ASSET_SYMBOL_EXTENSIONS = YES;
				CLANG_ANALYZER_NONNULL = YES;
				CLANG_ANALYZER_NUMBER_OBJECT_CONVERSION = YES_AGGRESSIVE;
				CLANG_CXX_LANGUAGE_STANDARD = "gnu++20";
				CLANG_ENABLE_MODULES = YES;
				CLANG_ENABLE_OBJC_ARC = YES;
				CLANG_ENABLE_OBJC_WEAK = YES;
				CLANG_WARN_BLOCK_CAPTURE_AUTORELEASING = YES;
				CLANG_WARN_BOOL_CONVERSION = YES;
				CLANG_WARN_COMMA = YES;
				CLANG_WARN_CONSTANT_CONVERSION = YES;
				CLANG_WARN_DEPRECATED_OBJC_IMPLEMENTATIONS = YES;
				CLANG_WARN_DIRECT_OBJC_ISA_USAGE = YES_ERROR;
				CLANG_WARN_DOCUMENTATION_COMMENTS = YES;
				CLANG_WARN_EMPTY_BODY = YES;
				CLANG_WARN_ENUM_CONVERSION = YES;
				CLANG_WARN_INFINITE_RECURSION = YES;
				CLANG_WARN_INT_CONVERSION = YES;
				CLANG_WARN_NON_LITERAL_NULL_CONVERSION = YES;
				CLANG_WARN_OBJC_IMPLICIT_RETAIN_SELF = YES;
				CLANG_WARN_OBJC_LITERAL_CONVERSION = YES;
				CLANG_WARN_OBJC_ROOT_CLASS = YES_ERROR;
				CLANG_WARN_QUOTED_INCLUDE_IN_FRAMEWORK_HEADER = YES;
				CLANG_WARN_RANGE_LOOP_ANALYSIS = YES;
				CLANG_WARN_STRICT_PROTOTYPES = YES;
				CLANG_WARN_SUSPICIOUS_MOVE = YES;
				CLANG_WARN_UNGUARDED_AVAILABILITY = YES_AGGRESSIVE;
				CLANG_WARN_UNREACHABLE_CODE = YES;
				CLANG_WARN__DUPLICATE_METHOD_MATCH = YES;
				COPY_PHASE_STRIP = NO;
				DEBUG_INFORMATION_FORMAT = dwarf;
				ENABLE_STRICT_OBJC_MSGSEND = YES;
				ENABLE_TESTABILITY = YES;
				ENABLE_USER_SCRIPT_SANDBOXING = YES;
				GCC_C_LANGUAGE_STANDARD = gnu17;
				GCC_DYNAMIC_NO_PIC = NO;
				GCC_NO_COMMON_BLOCKS = YES;
				GCC_OPTIMIZATION_LEVEL = 0;
				GCC_PREPROCESSOR_DEFINITIONS = (
					"DEBUG=1",
					"$(inherited)",
				);
				GCC_WARN_64_TO_32_BIT_CONVERSION = YES;
				GCC_WARN_ABOUT_RETURN_TYPE = YES_ERROR;
				GCC_WARN_UNDECLARED_SELECTOR = YES;
				GCC_WARN_UNINITIALIZED_AUTOS = YES_AGGRESSIVE;
				GCC_WARN_UNUSED_FUNCTION = YES;
				GCC_WARN_UNUSED_VARIABLE = YES;
				IPHONEOS_DEPLOYMENT_TARGET = 16.0;
				LOCALIZATION_PREFERS_STRING_CATALOGS = YES;
				MTL_ENABLE_DEBUG_INFO = INCLUDE_SOURCE;
				MTL_FAST_MATH = YES;
				ONLY_ACTIVE_ARCH = YES;
				SDKROOT = iphoneos;
				SWIFT_ACTIVE_COMPILATION_CONDITIONS = "DEBUG $(inherited)";
				SWIFT_OPTIMIZATION_LEVEL = "-Onone";
			};
			name = Debug;
		};
		20465B6A2BAF140700308A4E /* Release */ = {
			isa = XCBuildConfiguration;
			buildSettings = {
				ALWAYS_SEARCH_USER_PATHS = NO;
				ASSETCATALOG_COMPILER_GENERATE_SWIFT_ASSET_SYMBOL_EXTENSIONS = YES;
				CLANG_ANALYZER_NONNULL = YES;
				CLANG_ANALYZER_NUMBER_OBJECT_CONVERSION = YES_AGGRESSIVE;
				CLANG_CXX_LANGUAGE_STANDARD = "gnu++20";
				CLANG_ENABLE_MODULES = YES;
				CLANG_ENABLE_OBJC_ARC = YES;
				CLANG_ENABLE_OBJC_WEAK = YES;
				CLANG_WARN_BLOCK_CAPTURE_AUTORELEASING = YES;
				CLANG_WARN_BOOL_CONVERSION = YES;
				CLANG_WARN_COMMA = YES;
				CLANG_WARN_CONSTANT_CONVERSION = YES;
				CLANG_WARN_DEPRECATED_OBJC_IMPLEMENTATIONS = YES;
				CLANG_WARN_DIRECT_OBJC_ISA_USAGE = YES_ERROR;
				CLANG_WARN_DOCUMENTATION_COMMENTS = YES;
				CLANG_WARN_EMPTY_BODY = YES;
				CLANG_WARN_ENUM_CONVERSION = YES;
				CLANG_WARN_INFINITE_RECURSION = YES;
				CLANG_WARN_INT_CONVERSION = YES;
				CLANG_WARN_NON_LITERAL_NULL_CONVERSION = YES;
				CLANG_WARN_OBJC_IMPLICIT_RETAIN_SELF = YES;
				CLANG_WARN_OBJC_LITERAL_CONVERSION = YES;
				CLANG_WARN_OBJC_ROOT_CLASS = YES_ERROR;
				CLANG_WARN_QUOTED_INCLUDE_IN_FRAMEWORK_HEADER = YES;
				CLANG_WARN_RANGE_LOOP_ANALYSIS = YES;
				CLANG_WARN_STRICT_PROTOTYPES = YES;
				CLANG_WARN_SUSPICIOUS_MOVE = YES;
				CLANG_WARN_UNGUARDED_AVAILABILITY = YES_AGGRESSIVE;
				CLANG_WARN_UNREACHABLE_CODE = YES;
				CLANG_WARN__DUPLICATE_METHOD_MATCH = YES;
				COPY_PHASE_STRIP = NO;
				DEBUG_INFORMATION_FORMAT = "dwarf-with-dsym";
				ENABLE_NS_ASSERTIONS = NO;
				ENABLE_STRICT_OBJC_MSGSEND = YES;
				ENABLE_USER_SCRIPT_SANDBOXING = YES;
				GCC_C_LANGUAGE_STANDARD = gnu17;
				GCC_NO_COMMON_BLOCKS = YES;
				GCC_WARN_64_TO_32_BIT_CONVERSION = YES;
				GCC_WARN_ABOUT_RETURN_TYPE = YES_ERROR;
				GCC_WARN_UNDECLARED_SELECTOR = YES;
				GCC_WARN_UNINITIALIZED_AUTOS = YES_AGGRESSIVE;
				GCC_WARN_UNUSED_FUNCTION = YES;
				GCC_WARN_UNUSED_VARIABLE = YES;
				IPHONEOS_DEPLOYMENT_TARGET = 16.0;
				LOCALIZATION_PREFERS_STRING_CATALOGS = YES;
				MTL_ENABLE_DEBUG_INFO = NO;
				MTL_FAST_MATH = YES;
				SDKROOT = iphoneos;
				SWIFT_COMPILATION_MODE = wholemodule;
				VALIDATE_PRODUCT = YES;
			};
			name = Release;
		};
		20465B6C2BAF140700308A4E /* Debug */ = {
			isa = XCBuildConfiguration;
			baseConfigurationReference = 20C4F76E2BB1C60B0094D123 /* Development.xcconfig */;
			buildSettings = {
				ASSETCATALOG_COMPILER_APPICON_NAME = AppIcon;
				ASSETCATALOG_COMPILER_GLOBAL_ACCENT_COLOR_NAME = AccentColor;
				CODE_SIGN_STYLE = Automatic;
				CURRENT_PROJECT_VERSION = 1;
				DEVELOPMENT_ASSET_PATHS = "";
				DEVELOPMENT_TEAM = VJ4397ZV9N;
				ENABLE_PREVIEWS = YES;
				GENERATE_INFOPLIST_FILE = YES;
				INFOPLIST_FILE = ScratchingCard/Resources/Info.plist;
				INFOPLIST_KEY_UIApplicationSupportsIndirectInputEvents = YES;
				INFOPLIST_KEY_UILaunchScreen_Generation = YES;
				INFOPLIST_KEY_UISupportedInterfaceOrientations = UIInterfaceOrientationPortrait;
				IPHONEOS_DEPLOYMENT_TARGET = 16.0;
				LD_RUNPATH_SEARCH_PATHS = (
					"$(inherited)",
					"@executable_path/Frameworks",
				);
				MARKETING_VERSION = 1.0;
				PRODUCT_BUNDLE_IDENTIFIER = com.rb.dev.scratchingCard.ScratchingCarg;
				PRODUCT_NAME = "$(TARGET_NAME)";
				SWIFT_EMIT_LOC_STRINGS = YES;
				SWIFT_VERSION = 5.0;
				TARGETED_DEVICE_FAMILY = "1,2";
			};
			name = Debug;
		};
		20465B6D2BAF140700308A4E /* Release */ = {
			isa = XCBuildConfiguration;
			baseConfigurationReference = 20E47E122BB290CA00B113E9 /* Release.xcconfig */;
			buildSettings = {
				ASSETCATALOG_COMPILER_APPICON_NAME = AppIcon;
				ASSETCATALOG_COMPILER_GLOBAL_ACCENT_COLOR_NAME = AccentColor;
				CODE_SIGN_STYLE = Automatic;
				CURRENT_PROJECT_VERSION = 1;
				DEVELOPMENT_ASSET_PATHS = "";
				DEVELOPMENT_TEAM = VJ4397ZV9N;
				ENABLE_PREVIEWS = YES;
				GENERATE_INFOPLIST_FILE = YES;
				INFOPLIST_FILE = ScratchingCard/Resources/Info.plist;
				INFOPLIST_KEY_UIApplicationSupportsIndirectInputEvents = YES;
				INFOPLIST_KEY_UILaunchScreen_Generation = YES;
				INFOPLIST_KEY_UISupportedInterfaceOrientations = UIInterfaceOrientationPortrait;
				IPHONEOS_DEPLOYMENT_TARGET = 16.0;
				LD_RUNPATH_SEARCH_PATHS = (
					"$(inherited)",
					"@executable_path/Frameworks",
				);
				MARKETING_VERSION = 1.0;
				PRODUCT_BUNDLE_IDENTIFIER = com.rb.dev.scratchingCard.ScratchingCarg;
				PRODUCT_NAME = "$(TARGET_NAME)";
				SWIFT_EMIT_LOC_STRINGS = YES;
				SWIFT_VERSION = 5.0;
				TARGETED_DEVICE_FAMILY = "1,2";
			};
			name = Release;
		};
/* End XCBuildConfiguration section */

/* Begin XCConfigurationList section */
		2001A9952BB29BFF00DD56F2 /* Build configuration list for PBXNativeTarget "ScratchingCardTests" */ = {
			isa = XCConfigurationList;
			buildConfigurations = (
				2001A9962BB29BFF00DD56F2 /* Debug */,
				2001A9972BB29BFF00DD56F2 /* Release */,
			);
			defaultConfigurationIsVisible = 0;
			defaultConfigurationName = Release;
		};
		20465B422BAF140400308A4E /* Build configuration list for PBXProject "ScratchingCard" */ = {
			isa = XCConfigurationList;
			buildConfigurations = (
				20465B692BAF140700308A4E /* Debug */,
				20465B6A2BAF140700308A4E /* Release */,
			);
			defaultConfigurationIsVisible = 0;
			defaultConfigurationName = Release;
		};
		20465B6B2BAF140700308A4E /* Build configuration list for PBXNativeTarget "ScratchingCard" */ = {
			isa = XCConfigurationList;
			buildConfigurations = (
				20465B6C2BAF140700308A4E /* Debug */,
				20465B6D2BAF140700308A4E /* Release */,
			);
			defaultConfigurationIsVisible = 0;
			defaultConfigurationName = Release;
		};
/* End XCConfigurationList section */
	};
	rootObject = 20465B3F2BAF140400308A4E /* Project object */;
}
