// !$*UTF8*$!
{
	archiveVersion = 1;
	classes = {
	};
	objectVersion = 56;
	objects = {

/* Begin PBXBuildFile section */
		20465B4D2BAF140500308A4E /* ContentView.swift in Sources */ = {isa = PBXBuildFile; fileRef = 20465B4C2BAF140500308A4E /* ContentView.swift */; };
		20465B4F2BAF140600308A4E /* Assets.xcassets in Resources */ = {isa = PBXBuildFile; fileRef = 20465B4E2BAF140600308A4E /* Assets.xcassets */; };
		20465B522BAF140600308A4E /* Preview Assets.xcassets in Resources */ = {isa = PBXBuildFile; fileRef = 20465B512BAF140600308A4E /* Preview Assets.xcassets */; };
		20465B5C2BAF140700308A4E /* ScratchingCargTests.swift in Sources */ = {isa = PBXBuildFile; fileRef = 20465B5B2BAF140700308A4E /* ScratchingCargTests.swift */; };
		20465B662BAF140700308A4E /* ScratchingCargUITests.swift in Sources */ = {isa = PBXBuildFile; fileRef = 20465B652BAF140700308A4E /* ScratchingCargUITests.swift */; };
		20465B682BAF140700308A4E /* ScratchingCargUITestsLaunchTests.swift in Sources */ = {isa = PBXBuildFile; fileRef = 20465B672BAF140700308A4E /* ScratchingCargUITestsLaunchTests.swift */; };
		20465B752BAF151400308A4E /* AppDelegate.swift in Sources */ = {isa = PBXBuildFile; fileRef = 20465B742BAF151400308A4E /* AppDelegate.swift */; };
		20465B772BAF15FF00308A4E /* SceneDelegate.swift in Sources */ = {isa = PBXBuildFile; fileRef = 20465B762BAF15FF00308A4E /* SceneDelegate.swift */; };
		20465B792BAF163800308A4E /* InitialSceneCoordinator.swift in Sources */ = {isa = PBXBuildFile; fileRef = 20465B782BAF163800308A4E /* InitialSceneCoordinator.swift */; };
		20465B7B2BAF170900308A4E /* ViewControllerCoordinator.swift in Sources */ = {isa = PBXBuildFile; fileRef = 20465B7A2BAF170900308A4E /* ViewControllerCoordinator.swift */; };
		20465B7D2BAF173D00308A4E /* NavigationControllerCoordinating.swift in Sources */ = {isa = PBXBuildFile; fileRef = 20465B7C2BAF173D00308A4E /* NavigationControllerCoordinating.swift */; };
		20465B7F2BAF177100308A4E /* AppCoordinator.swift in Sources */ = {isa = PBXBuildFile; fileRef = 20465B7E2BAF177100308A4E /* AppCoordinator.swift */; };
/* End PBXBuildFile section */

/* Begin PBXContainerItemProxy section */
		20465B582BAF140700308A4E /* PBXContainerItemProxy */ = {
			isa = PBXContainerItemProxy;
			containerPortal = 20465B3F2BAF140400308A4E /* Project object */;
			proxyType = 1;
			remoteGlobalIDString = 20465B462BAF140500308A4E;
			remoteInfo = ScratchingCarg;
		};
		20465B622BAF140700308A4E /* PBXContainerItemProxy */ = {
			isa = PBXContainerItemProxy;
			containerPortal = 20465B3F2BAF140400308A4E /* Project object */;
			proxyType = 1;
			remoteGlobalIDString = 20465B462BAF140500308A4E;
			remoteInfo = ScratchingCarg;
		};
/* End PBXContainerItemProxy section */

/* Begin PBXFileReference section */
		20465B472BAF140500308A4E /* ScratchingCarg.app */ = {isa = PBXFileReference; explicitFileType = wrapper.application; includeInIndex = 0; path = ScratchingCarg.app; sourceTree = BUILT_PRODUCTS_DIR; };
		20465B4C2BAF140500308A4E /* ContentView.swift */ = {isa = PBXFileReference; lastKnownFileType = sourcecode.swift; path = ContentView.swift; sourceTree = "<group>"; };
		20465B4E2BAF140600308A4E /* Assets.xcassets */ = {isa = PBXFileReference; lastKnownFileType = folder.assetcatalog; path = Assets.xcassets; sourceTree = "<group>"; };
		20465B512BAF140600308A4E /* Preview Assets.xcassets */ = {isa = PBXFileReference; lastKnownFileType = folder.assetcatalog; path = "Preview Assets.xcassets"; sourceTree = "<group>"; };
		20465B572BAF140700308A4E /* ScratchingCargTests.xctest */ = {isa = PBXFileReference; explicitFileType = wrapper.cfbundle; includeInIndex = 0; path = ScratchingCargTests.xctest; sourceTree = BUILT_PRODUCTS_DIR; };
		20465B5B2BAF140700308A4E /* ScratchingCargTests.swift */ = {isa = PBXFileReference; lastKnownFileType = sourcecode.swift; path = ScratchingCargTests.swift; sourceTree = "<group>"; };
		20465B612BAF140700308A4E /* ScratchingCargUITests.xctest */ = {isa = PBXFileReference; explicitFileType = wrapper.cfbundle; includeInIndex = 0; path = ScratchingCargUITests.xctest; sourceTree = BUILT_PRODUCTS_DIR; };
		20465B652BAF140700308A4E /* ScratchingCargUITests.swift */ = {isa = PBXFileReference; lastKnownFileType = sourcecode.swift; path = ScratchingCargUITests.swift; sourceTree = "<group>"; };
		20465B672BAF140700308A4E /* ScratchingCargUITestsLaunchTests.swift */ = {isa = PBXFileReference; lastKnownFileType = sourcecode.swift; path = ScratchingCargUITestsLaunchTests.swift; sourceTree = "<group>"; };
		20465B742BAF151400308A4E /* AppDelegate.swift */ = {isa = PBXFileReference; lastKnownFileType = sourcecode.swift; path = AppDelegate.swift; sourceTree = "<group>"; };
		20465B762BAF15FF00308A4E /* SceneDelegate.swift */ = {isa = PBXFileReference; lastKnownFileType = sourcecode.swift; path = SceneDelegate.swift; sourceTree = "<group>"; };
		20465B782BAF163800308A4E /* InitialSceneCoordinator.swift */ = {isa = PBXFileReference; lastKnownFileType = sourcecode.swift; path = InitialSceneCoordinator.swift; sourceTree = "<group>"; };
		20465B7A2BAF170900308A4E /* ViewControllerCoordinator.swift */ = {isa = PBXFileReference; lastKnownFileType = sourcecode.swift; path = ViewControllerCoordinator.swift; sourceTree = "<group>"; };
		20465B7C2BAF173D00308A4E /* NavigationControllerCoordinating.swift */ = {isa = PBXFileReference; lastKnownFileType = sourcecode.swift; path = NavigationControllerCoordinating.swift; sourceTree = "<group>"; };
		20465B7E2BAF177100308A4E /* AppCoordinator.swift */ = {isa = PBXFileReference; lastKnownFileType = sourcecode.swift; path = AppCoordinator.swift; sourceTree = "<group>"; };
		20465B812BAF1CD500308A4E /* Info.plist */ = {isa = PBXFileReference; lastKnownFileType = text.plist; path = Info.plist; sourceTree = "<group>"; };
/* End PBXFileReference section */

/* Begin PBXFrameworksBuildPhase section */
		20465B442BAF140500308A4E /* Frameworks */ = {
			isa = PBXFrameworksBuildPhase;
			buildActionMask = 2147483647;
			files = (
			);
			runOnlyForDeploymentPostprocessing = 0;
		};
		20465B542BAF140700308A4E /* Frameworks */ = {
			isa = PBXFrameworksBuildPhase;
			buildActionMask = 2147483647;
			files = (
			);
			runOnlyForDeploymentPostprocessing = 0;
		};
		20465B5E2BAF140700308A4E /* Frameworks */ = {
			isa = PBXFrameworksBuildPhase;
			buildActionMask = 2147483647;
			files = (
			);
			runOnlyForDeploymentPostprocessing = 0;
		};
/* End PBXFrameworksBuildPhase section */

/* Begin PBXGroup section */
		20465B3E2BAF140400308A4E = {
			isa = PBXGroup;
			children = (
				20465B492BAF140500308A4E /* ScratchingCarg */,
				20465B5A2BAF140700308A4E /* ScratchingCargTests */,
				20465B642BAF140700308A4E /* ScratchingCargUITests */,
				20465B482BAF140500308A4E /* Products */,
			);
			sourceTree = "<group>";
		};
		20465B482BAF140500308A4E /* Products */ = {
			isa = PBXGroup;
			children = (
				20465B472BAF140500308A4E /* ScratchingCarg.app */,
				20465B572BAF140700308A4E /* ScratchingCargTests.xctest */,
				20465B612BAF140700308A4E /* ScratchingCargUITests.xctest */,
			);
			name = Products;
			sourceTree = "<group>";
		};
		20465B492BAF140500308A4E /* ScratchingCarg */ = {
			isa = PBXGroup;
			children = (
				20465B812BAF1CD500308A4E /* Info.plist */,
				20465B4C2BAF140500308A4E /* ContentView.swift */,
				20465B4E2BAF140600308A4E /* Assets.xcassets */,
				20465B502BAF140600308A4E /* Preview Content */,
				20465B742BAF151400308A4E /* AppDelegate.swift */,
				20465B7E2BAF177100308A4E /* AppCoordinator.swift */,
				20465B7A2BAF170900308A4E /* ViewControllerCoordinator.swift */,
				20465B7C2BAF173D00308A4E /* NavigationControllerCoordinating.swift */,
				20465B762BAF15FF00308A4E /* SceneDelegate.swift */,
				20465B782BAF163800308A4E /* InitialSceneCoordinator.swift */,
			);
			path = ScratchingCarg;
			sourceTree = "<group>";
		};
		20465B502BAF140600308A4E /* Preview Content */ = {
			isa = PBXGroup;
			children = (
				20465B512BAF140600308A4E /* Preview Assets.xcassets */,
			);
			path = "Preview Content";
			sourceTree = "<group>";
		};
		20465B5A2BAF140700308A4E /* ScratchingCargTests */ = {
			isa = PBXGroup;
			children = (
				20465B5B2BAF140700308A4E /* ScratchingCargTests.swift */,
			);
			path = ScratchingCargTests;
			sourceTree = "<group>";
		};
		20465B642BAF140700308A4E /* ScratchingCargUITests */ = {
			isa = PBXGroup;
			children = (
				20465B652BAF140700308A4E /* ScratchingCargUITests.swift */,
				20465B672BAF140700308A4E /* ScratchingCargUITestsLaunchTests.swift */,
			);
			path = ScratchingCargUITests;
			sourceTree = "<group>";
		};
/* End PBXGroup section */

/* Begin PBXNativeTarget section */
		20465B462BAF140500308A4E /* ScratchingCarg */ = {
			isa = PBXNativeTarget;
			buildConfigurationList = 20465B6B2BAF140700308A4E /* Build configuration list for PBXNativeTarget "ScratchingCarg" */;
			buildPhases = (
				20465B432BAF140500308A4E /* Sources */,
				20465B442BAF140500308A4E /* Frameworks */,
				20465B452BAF140500308A4E /* Resources */,
			);
			buildRules = (
			);
			dependencies = (
			);
			name = ScratchingCarg;
			productName = ScratchingCarg;
			productReference = 20465B472BAF140500308A4E /* ScratchingCarg.app */;
			productType = "com.apple.product-type.application";
		};
		20465B562BAF140700308A4E /* ScratchingCargTests */ = {
			isa = PBXNativeTarget;
			buildConfigurationList = 20465B6E2BAF140700308A4E /* Build configuration list for PBXNativeTarget "ScratchingCargTests" */;
			buildPhases = (
				20465B532BAF140700308A4E /* Sources */,
				20465B542BAF140700308A4E /* Frameworks */,
				20465B552BAF140700308A4E /* Resources */,
			);
			buildRules = (
			);
			dependencies = (
				20465B592BAF140700308A4E /* PBXTargetDependency */,
			);
			name = ScratchingCargTests;
			productName = ScratchingCargTests;
			productReference = 20465B572BAF140700308A4E /* ScratchingCargTests.xctest */;
			productType = "com.apple.product-type.bundle.unit-test";
		};
		20465B602BAF140700308A4E /* ScratchingCargUITests */ = {
			isa = PBXNativeTarget;
			buildConfigurationList = 20465B712BAF140700308A4E /* Build configuration list for PBXNativeTarget "ScratchingCargUITests" */;
			buildPhases = (
				20465B5D2BAF140700308A4E /* Sources */,
				20465B5E2BAF140700308A4E /* Frameworks */,
				20465B5F2BAF140700308A4E /* Resources */,
			);
			buildRules = (
			);
			dependencies = (
				20465B632BAF140700308A4E /* PBXTargetDependency */,
			);
			name = ScratchingCargUITests;
			productName = ScratchingCargUITests;
			productReference = 20465B612BAF140700308A4E /* ScratchingCargUITests.xctest */;
			productType = "com.apple.product-type.bundle.ui-testing";
		};
/* End PBXNativeTarget section */

/* Begin PBXProject section */
		20465B3F2BAF140400308A4E /* Project object */ = {
			isa = PBXProject;
			attributes = {
				BuildIndependentTargetsInParallel = 1;
				LastSwiftUpdateCheck = 1530;
				LastUpgradeCheck = 1530;
				TargetAttributes = {
					20465B462BAF140500308A4E = {
						CreatedOnToolsVersion = 15.3;
					};
					20465B562BAF140700308A4E = {
						CreatedOnToolsVersion = 15.3;
						TestTargetID = 20465B462BAF140500308A4E;
					};
					20465B602BAF140700308A4E = {
						CreatedOnToolsVersion = 15.3;
						TestTargetID = 20465B462BAF140500308A4E;
					};
				};
			};
			buildConfigurationList = 20465B422BAF140400308A4E /* Build configuration list for PBXProject "ScratchingCarg" */;
			compatibilityVersion = "Xcode 14.0";
			developmentRegion = en;
			hasScannedForEncodings = 0;
			knownRegions = (
				en,
				Base,
			);
			mainGroup = 20465B3E2BAF140400308A4E;
			productRefGroup = 20465B482BAF140500308A4E /* Products */;
			projectDirPath = "";
			projectRoot = "";
			targets = (
				20465B462BAF140500308A4E /* ScratchingCarg */,
				20465B562BAF140700308A4E /* ScratchingCargTests */,
				20465B602BAF140700308A4E /* ScratchingCargUITests */,
			);
		};
/* End PBXProject section */

/* Begin PBXResourcesBuildPhase section */
		20465B452BAF140500308A4E /* Resources */ = {
			isa = PBXResourcesBuildPhase;
			buildActionMask = 2147483647;
			files = (
				20465B522BAF140600308A4E /* Preview Assets.xcassets in Resources */,
				20465B4F2BAF140600308A4E /* Assets.xcassets in Resources */,
			);
			runOnlyForDeploymentPostprocessing = 0;
		};
		20465B552BAF140700308A4E /* Resources */ = {
			isa = PBXResourcesBuildPhase;
			buildActionMask = 2147483647;
			files = (
			);
			runOnlyForDeploymentPostprocessing = 0;
		};
		20465B5F2BAF140700308A4E /* Resources */ = {
			isa = PBXResourcesBuildPhase;
			buildActionMask = 2147483647;
			files = (
			);
			runOnlyForDeploymentPostprocessing = 0;
		};
/* End PBXResourcesBuildPhase section */

/* Begin PBXSourcesBuildPhase section */
		20465B432BAF140500308A4E /* Sources */ = {
			isa = PBXSourcesBuildPhase;
			buildActionMask = 2147483647;
			files = (
				20465B752BAF151400308A4E /* AppDelegate.swift in Sources */,
				20465B7B2BAF170900308A4E /* ViewControllerCoordinator.swift in Sources */,
				20465B7D2BAF173D00308A4E /* NavigationControllerCoordinating.swift in Sources */,
				20465B4D2BAF140500308A4E /* ContentView.swift in Sources */,
				20465B7F2BAF177100308A4E /* AppCoordinator.swift in Sources */,
				20465B792BAF163800308A4E /* InitialSceneCoordinator.swift in Sources */,
				20465B772BAF15FF00308A4E /* SceneDelegate.swift in Sources */,
			);
			runOnlyForDeploymentPostprocessing = 0;
		};
		20465B532BAF140700308A4E /* Sources */ = {
			isa = PBXSourcesBuildPhase;
			buildActionMask = 2147483647;
			files = (
				20465B5C2BAF140700308A4E /* ScratchingCargTests.swift in Sources */,
			);
			runOnlyForDeploymentPostprocessing = 0;
		};
		20465B5D2BAF140700308A4E /* Sources */ = {
			isa = PBXSourcesBuildPhase;
			buildActionMask = 2147483647;
			files = (
				20465B662BAF140700308A4E /* ScratchingCargUITests.swift in Sources */,
				20465B682BAF140700308A4E /* ScratchingCargUITestsLaunchTests.swift in Sources */,
			);
			runOnlyForDeploymentPostprocessing = 0;
		};
/* End PBXSourcesBuildPhase section */

/* Begin PBXTargetDependency section */
		20465B592BAF140700308A4E /* PBXTargetDependency */ = {
			isa = PBXTargetDependency;
			target = 20465B462BAF140500308A4E /* ScratchingCarg */;
			targetProxy = 20465B582BAF140700308A4E /* PBXContainerItemProxy */;
		};
		20465B632BAF140700308A4E /* PBXTargetDependency */ = {
			isa = PBXTargetDependency;
			target = 20465B462BAF140500308A4E /* ScratchingCarg */;
			targetProxy = 20465B622BAF140700308A4E /* PBXContainerItemProxy */;
		};
/* End PBXTargetDependency section */

/* Begin XCBuildConfiguration section */
		20465B692BAF140700308A4E /* Debug */ = {
			isa = XCBuildConfiguration;
			buildSettings = {
				ALWAYS_SEARCH_USER_PATHS = NO;
				ASSETCATALOG_COMPILER_GENERATE_SWIFT_ASSET_SYMBOL_EXTENSIONS = YES;
				CLANG_ANALYZER_NONNULL = YES;
				CLANG_ANALYZER_NUMBER_OBJECT_CONVERSION = YES_AGGRESSIVE;
				CLANG_CXX_LANGUAGE_STANDARD = "gnu++20";
				CLANG_ENABLE_MODULES = YES;
				CLANG_ENABLE_OBJC_ARC = YES;
				CLANG_ENABLE_OBJC_WEAK = YES;
				CLANG_WARN_BLOCK_CAPTURE_AUTORELEASING = YES;
				CLANG_WARN_BOOL_CONVERSION = YES;
				CLANG_WARN_COMMA = YES;
				CLANG_WARN_CONSTANT_CONVERSION = YES;
				CLANG_WARN_DEPRECATED_OBJC_IMPLEMENTATIONS = YES;
				CLANG_WARN_DIRECT_OBJC_ISA_USAGE = YES_ERROR;
				CLANG_WARN_DOCUMENTATION_COMMENTS = YES;
				CLANG_WARN_EMPTY_BODY = YES;
				CLANG_WARN_ENUM_CONVERSION = YES;
				CLANG_WARN_INFINITE_RECURSION = YES;
				CLANG_WARN_INT_CONVERSION = YES;
				CLANG_WARN_NON_LITERAL_NULL_CONVERSION = YES;
				CLANG_WARN_OBJC_IMPLICIT_RETAIN_SELF = YES;
				CLANG_WARN_OBJC_LITERAL_CONVERSION = YES;
				CLANG_WARN_OBJC_ROOT_CLASS = YES_ERROR;
				CLANG_WARN_QUOTED_INCLUDE_IN_FRAMEWORK_HEADER = YES;
				CLANG_WARN_RANGE_LOOP_ANALYSIS = YES;
				CLANG_WARN_STRICT_PROTOTYPES = YES;
				CLANG_WARN_SUSPICIOUS_MOVE = YES;
				CLANG_WARN_UNGUARDED_AVAILABILITY = YES_AGGRESSIVE;
				CLANG_WARN_UNREACHABLE_CODE = YES;
				CLANG_WARN__DUPLICATE_METHOD_MATCH = YES;
				COPY_PHASE_STRIP = NO;
				DEBUG_INFORMATION_FORMAT = dwarf;
				ENABLE_STRICT_OBJC_MSGSEND = YES;
				ENABLE_TESTABILITY = YES;
				ENABLE_USER_SCRIPT_SANDBOXING = YES;
				GCC_C_LANGUAGE_STANDARD = gnu17;
				GCC_DYNAMIC_NO_PIC = NO;
				GCC_NO_COMMON_BLOCKS = YES;
				GCC_OPTIMIZATION_LEVEL = 0;
				GCC_PREPROCESSOR_DEFINITIONS = (
					"DEBUG=1",
					"$(inherited)",
				);
				GCC_WARN_64_TO_32_BIT_CONVERSION = YES;
				GCC_WARN_ABOUT_RETURN_TYPE = YES_ERROR;
				GCC_WARN_UNDECLARED_SELECTOR = YES;
				GCC_WARN_UNINITIALIZED_AUTOS = YES_AGGRESSIVE;
				GCC_WARN_UNUSED_FUNCTION = YES;
				GCC_WARN_UNUSED_VARIABLE = YES;
				IPHONEOS_DEPLOYMENT_TARGET = 17.4;
				LOCALIZATION_PREFERS_STRING_CATALOGS = YES;
				MTL_ENABLE_DEBUG_INFO = INCLUDE_SOURCE;
				MTL_FAST_MATH = YES;
				ONLY_ACTIVE_ARCH = YES;
				SDKROOT = iphoneos;
				SWIFT_ACTIVE_COMPILATION_CONDITIONS = "DEBUG $(inherited)";
				SWIFT_OPTIMIZATION_LEVEL = "-Onone";
			};
			name = Debug;
		};
		20465B6A2BAF140700308A4E /* Release */ = {
			isa = XCBuildConfiguration;
			buildSettings = {
				ALWAYS_SEARCH_USER_PATHS = NO;
				ASSETCATALOG_COMPILER_GENERATE_SWIFT_ASSET_SYMBOL_EXTENSIONS = YES;
				CLANG_ANALYZER_NONNULL = YES;
				CLANG_ANALYZER_NUMBER_OBJECT_CONVERSION = YES_AGGRESSIVE;
				CLANG_CXX_LANGUAGE_STANDARD = "gnu++20";
				CLANG_ENABLE_MODULES = YES;
				CLANG_ENABLE_OBJC_ARC = YES;
				CLANG_ENABLE_OBJC_WEAK = YES;
				CLANG_WARN_BLOCK_CAPTURE_AUTORELEASING = YES;
				CLANG_WARN_BOOL_CONVERSION = YES;
				CLANG_WARN_COMMA = YES;
				CLANG_WARN_CONSTANT_CONVERSION = YES;
				CLANG_WARN_DEPRECATED_OBJC_IMPLEMENTATIONS = YES;
				CLANG_WARN_DIRECT_OBJC_ISA_USAGE = YES_ERROR;
				CLANG_WARN_DOCUMENTATION_COMMENTS = YES;
				CLANG_WARN_EMPTY_BODY = YES;
				CLANG_WARN_ENUM_CONVERSION = YES;
				CLANG_WARN_INFINITE_RECURSION = YES;
				CLANG_WARN_INT_CONVERSION = YES;
				CLANG_WARN_NON_LITERAL_NULL_CONVERSION = YES;
				CLANG_WARN_OBJC_IMPLICIT_RETAIN_SELF = YES;
				CLANG_WARN_OBJC_LITERAL_CONVERSION = YES;
				CLANG_WARN_OBJC_ROOT_CLASS = YES_ERROR;
				CLANG_WARN_QUOTED_INCLUDE_IN_FRAMEWORK_HEADER = YES;
				CLANG_WARN_RANGE_LOOP_ANALYSIS = YES;
				CLANG_WARN_STRICT_PROTOTYPES = YES;
				CLANG_WARN_SUSPICIOUS_MOVE = YES;
				CLANG_WARN_UNGUARDED_AVAILABILITY = YES_AGGRESSIVE;
				CLANG_WARN_UNREACHABLE_CODE = YES;
				CLANG_WARN__DUPLICATE_METHOD_MATCH = YES;
				COPY_PHASE_STRIP = NO;
				DEBUG_INFORMATION_FORMAT = "dwarf-with-dsym";
				ENABLE_NS_ASSERTIONS = NO;
				ENABLE_STRICT_OBJC_MSGSEND = YES;
				ENABLE_USER_SCRIPT_SANDBOXING = YES;
				GCC_C_LANGUAGE_STANDARD = gnu17;
				GCC_NO_COMMON_BLOCKS = YES;
				GCC_WARN_64_TO_32_BIT_CONVERSION = YES;
				GCC_WARN_ABOUT_RETURN_TYPE = YES_ERROR;
				GCC_WARN_UNDECLARED_SELECTOR = YES;
				GCC_WARN_UNINITIALIZED_AUTOS = YES_AGGRESSIVE;
				GCC_WARN_UNUSED_FUNCTION = YES;
				GCC_WARN_UNUSED_VARIABLE = YES;
				IPHONEOS_DEPLOYMENT_TARGET = 17.4;
				LOCALIZATION_PREFERS_STRING_CATALOGS = YES;
				MTL_ENABLE_DEBUG_INFO = NO;
				MTL_FAST_MATH = YES;
				SDKROOT = iphoneos;
				SWIFT_COMPILATION_MODE = wholemodule;
				VALIDATE_PRODUCT = YES;
			};
			name = Release;
		};
		20465B6C2BAF140700308A4E /* Debug */ = {
			isa = XCBuildConfiguration;
			buildSettings = {
				ASSETCATALOG_COMPILER_APPICON_NAME = AppIcon;
				ASSETCATALOG_COMPILER_GLOBAL_ACCENT_COLOR_NAME = AccentColor;
				CODE_SIGN_STYLE = Automatic;
				CURRENT_PROJECT_VERSION = 1;
				DEVELOPMENT_ASSET_PATHS = "\"ScratchingCarg/Preview Content\"";
				DEVELOPMENT_TEAM = VJ4397ZV9N;
				ENABLE_PREVIEWS = YES;
				GENERATE_INFOPLIST_FILE = YES;
				INFOPLIST_FILE = ScratchingCarg/Info.plist;
				INFOPLIST_KEY_UIApplicationSupportsIndirectInputEvents = YES;
				INFOPLIST_KEY_UILaunchScreen_Generation = YES;
				INFOPLIST_KEY_UISupportedInterfaceOrientations_iPad = "UIInterfaceOrientationPortrait UIInterfaceOrientationPortraitUpsideDown UIInterfaceOrientationLandscapeLeft UIInterfaceOrientationLandscapeRight";
				INFOPLIST_KEY_UISupportedInterfaceOrientations_iPhone = "UIInterfaceOrientationPortrait UIInterfaceOrientationLandscapeLeft UIInterfaceOrientationLandscapeRight";
				LD_RUNPATH_SEARCH_PATHS = (
					"$(inherited)",
					"@executable_path/Frameworks",
				);
				MARKETING_VERSION = 1.0;
				PRODUCT_BUNDLE_IDENTIFIER = com.rb.dev.scratchingCard.ScratchingCarg;
				PRODUCT_NAME = "$(TARGET_NAME)";
				SWIFT_EMIT_LOC_STRINGS = YES;
				SWIFT_VERSION = 5.0;
				TARGETED_DEVICE_FAMILY = "1,2";
			};
			name = Debug;
		};
		20465B6D2BAF140700308A4E /* Release */ = {
			isa = XCBuildConfiguration;
			buildSettings = {
				ASSETCATALOG_COMPILER_APPICON_NAME = AppIcon;
				ASSETCATALOG_COMPILER_GLOBAL_ACCENT_COLOR_NAME = AccentColor;
				CODE_SIGN_STYLE = Automatic;
				CURRENT_PROJECT_VERSION = 1;
				DEVELOPMENT_ASSET_PATHS = "\"ScratchingCarg/Preview Content\"";
				DEVELOPMENT_TEAM = VJ4397ZV9N;
				ENABLE_PREVIEWS = YES;
				GENERATE_INFOPLIST_FILE = YES;
				INFOPLIST_FILE = ScratchingCarg/Info.plist;
				INFOPLIST_KEY_UIApplicationSupportsIndirectInputEvents = YES;
				INFOPLIST_KEY_UILaunchScreen_Generation = YES;
				INFOPLIST_KEY_UISupportedInterfaceOrientations_iPad = "UIInterfaceOrientationPortrait UIInterfaceOrientationPortraitUpsideDown UIInterfaceOrientationLandscapeLeft UIInterfaceOrientationLandscapeRight";
				INFOPLIST_KEY_UISupportedInterfaceOrientations_iPhone = "UIInterfaceOrientationPortrait UIInterfaceOrientationLandscapeLeft UIInterfaceOrientationLandscapeRight";
				LD_RUNPATH_SEARCH_PATHS = (
					"$(inherited)",
					"@executable_path/Frameworks",
				);
				MARKETING_VERSION = 1.0;
				PRODUCT_BUNDLE_IDENTIFIER = com.rb.dev.scratchingCard.ScratchingCarg;
				PRODUCT_NAME = "$(TARGET_NAME)";
				SWIFT_EMIT_LOC_STRINGS = YES;
				SWIFT_VERSION = 5.0;
				TARGETED_DEVICE_FAMILY = "1,2";
			};
			name = Release;
		};
		20465B6F2BAF140700308A4E /* Debug */ = {
			isa = XCBuildConfiguration;
			buildSettings = {
				ALWAYS_EMBED_SWIFT_STANDARD_LIBRARIES = YES;
				BUNDLE_LOADER = "$(TEST_HOST)";
				CODE_SIGN_STYLE = Automatic;
				CURRENT_PROJECT_VERSION = 1;
				DEVELOPMENT_TEAM = VJ4397ZV9N;
				GENERATE_INFOPLIST_FILE = YES;
				IPHONEOS_DEPLOYMENT_TARGET = 17.4;
				MARKETING_VERSION = 1.0;
				PRODUCT_BUNDLE_IDENTIFIER = com.rb.dev.scratchingCard.ScratchingCargTests;
				PRODUCT_NAME = "$(TARGET_NAME)";
				SWIFT_EMIT_LOC_STRINGS = NO;
				SWIFT_VERSION = 5.0;
				TARGETED_DEVICE_FAMILY = "1,2";
				TEST_HOST = "$(BUILT_PRODUCTS_DIR)/ScratchingCarg.app/$(BUNDLE_EXECUTABLE_FOLDER_PATH)/ScratchingCarg";
			};
			name = Debug;
		};
		20465B702BAF140700308A4E /* Release */ = {
			isa = XCBuildConfiguration;
			buildSettings = {
				ALWAYS_EMBED_SWIFT_STANDARD_LIBRARIES = YES;
				BUNDLE_LOADER = "$(TEST_HOST)";
				CODE_SIGN_STYLE = Automatic;
				CURRENT_PROJECT_VERSION = 1;
				DEVELOPMENT_TEAM = VJ4397ZV9N;
				GENERATE_INFOPLIST_FILE = YES;
				IPHONEOS_DEPLOYMENT_TARGET = 17.4;
				MARKETING_VERSION = 1.0;
				PRODUCT_BUNDLE_IDENTIFIER = com.rb.dev.scratchingCard.ScratchingCargTests;
				PRODUCT_NAME = "$(TARGET_NAME)";
				SWIFT_EMIT_LOC_STRINGS = NO;
				SWIFT_VERSION = 5.0;
				TARGETED_DEVICE_FAMILY = "1,2";
				TEST_HOST = "$(BUILT_PRODUCTS_DIR)/ScratchingCarg.app/$(BUNDLE_EXECUTABLE_FOLDER_PATH)/ScratchingCarg";
			};
			name = Release;
		};
		20465B722BAF140700308A4E /* Debug */ = {
			isa = XCBuildConfiguration;
			buildSettings = {
				ALWAYS_EMBED_SWIFT_STANDARD_LIBRARIES = YES;
				CODE_SIGN_STYLE = Automatic;
				CURRENT_PROJECT_VERSION = 1;
				DEVELOPMENT_TEAM = VJ4397ZV9N;
				GENERATE_INFOPLIST_FILE = YES;
				MARKETING_VERSION = 1.0;
				PRODUCT_BUNDLE_IDENTIFIER = com.rb.dev.scratchingCard.ScratchingCargUITests;
				PRODUCT_NAME = "$(TARGET_NAME)";
				SWIFT_EMIT_LOC_STRINGS = NO;
				SWIFT_VERSION = 5.0;
				TARGETED_DEVICE_FAMILY = "1,2";
				TEST_TARGET_NAME = ScratchingCarg;
			};
			name = Debug;
		};
		20465B732BAF140700308A4E /* Release */ = {
			isa = XCBuildConfiguration;
			buildSettings = {
				ALWAYS_EMBED_SWIFT_STANDARD_LIBRARIES = YES;
				CODE_SIGN_STYLE = Automatic;
				CURRENT_PROJECT_VERSION = 1;
				DEVELOPMENT_TEAM = VJ4397ZV9N;
				GENERATE_INFOPLIST_FILE = YES;
				MARKETING_VERSION = 1.0;
				PRODUCT_BUNDLE_IDENTIFIER = com.rb.dev.scratchingCard.ScratchingCargUITests;
				PRODUCT_NAME = "$(TARGET_NAME)";
				SWIFT_EMIT_LOC_STRINGS = NO;
				SWIFT_VERSION = 5.0;
				TARGETED_DEVICE_FAMILY = "1,2";
				TEST_TARGET_NAME = ScratchingCarg;
			};
			name = Release;
		};
/* End XCBuildConfiguration section */

/* Begin XCConfigurationList section */
		20465B422BAF140400308A4E /* Build configuration list for PBXProject "ScratchingCarg" */ = {
			isa = XCConfigurationList;
			buildConfigurations = (
				20465B692BAF140700308A4E /* Debug */,
				20465B6A2BAF140700308A4E /* Release */,
			);
			defaultConfigurationIsVisible = 0;
			defaultConfigurationName = Release;
		};
		20465B6B2BAF140700308A4E /* Build configuration list for PBXNativeTarget "ScratchingCarg" */ = {
			isa = XCConfigurationList;
			buildConfigurations = (
				20465B6C2BAF140700308A4E /* Debug */,
				20465B6D2BAF140700308A4E /* Release */,
			);
			defaultConfigurationIsVisible = 0;
			defaultConfigurationName = Release;
		};
		20465B6E2BAF140700308A4E /* Build configuration list for PBXNativeTarget "ScratchingCargTests" */ = {
			isa = XCConfigurationList;
			buildConfigurations = (
				20465B6F2BAF140700308A4E /* Debug */,
				20465B702BAF140700308A4E /* Release */,
			);
			defaultConfigurationIsVisible = 0;
			defaultConfigurationName = Release;
		};
		20465B712BAF140700308A4E /* Build configuration list for PBXNativeTarget "ScratchingCargUITests" */ = {
			isa = XCConfigurationList;
			buildConfigurations = (
				20465B722BAF140700308A4E /* Debug */,
				20465B732BAF140700308A4E /* Release */,
			);
			defaultConfigurationIsVisible = 0;
			defaultConfigurationName = Release;
		};
/* End XCConfigurationList section */
	};
	rootObject = 20465B3F2BAF140400308A4E /* Project object */;
}
